<?xml version="1.0" encoding="utf-8"?>
<Project ToolsVersion="4.0" xmlns="http://schemas.microsoft.com/developer/msbuild/2003">
  <ItemGroup>
    <ClCompile Include="main.cpp" />
    <ClCompile Include="stdafx.cpp" />
    <ClCompile Include="NativeVertexFormat.cpp">
      <Filter>Decoder</Filter>
    </ClCompile>
    <ClCompile Include="VertexManager.cpp">
      <Filter>Decoder</Filter>
    </ClCompile>
    <ClCompile Include="GLUtil.cpp">
      <Filter>GLUtil</Filter>
    </ClCompile>
    <ClCompile Include="TextureConverter.cpp">
      <Filter>GLUtil</Filter>
    </ClCompile>
    <ClCompile Include="RasterFont.cpp">
      <Filter>Logging</Filter>
    </ClCompile>
    <ClCompile Include="FramebufferManager.cpp">
      <Filter>Render</Filter>
    </ClCompile>
    <ClCompile Include="PixelShaderCache.cpp">
      <Filter>Render</Filter>
    </ClCompile>
    <ClCompile Include="PostProcessing.cpp">
      <Filter>Render</Filter>
    </ClCompile>
    <ClCompile Include="ProgramShaderCache.cpp">
      <Filter>Render</Filter>
    </ClCompile>
    <ClCompile Include="Render.cpp">
      <Filter>Render</Filter>
    </ClCompile>
    <ClCompile Include="StreamBuffer.cpp">
      <Filter>Render</Filter>
    </ClCompile>
    <ClCompile Include="TextureCache.cpp">
      <Filter>Render</Filter>
    </ClCompile>
    <ClCompile Include="VertexShaderCache.cpp">
      <Filter>Render</Filter>
    </ClCompile>
    <ClCompile Include="PerfQuery.cpp">
      <Filter>Render</Filter>
    </ClCompile>
    <ClCompile Include="SamplerCache.cpp" />
  </ItemGroup>
  <ItemGroup>
    <ClInclude Include="Globals.h" />
    <ClInclude Include="main.h" />
    <ClInclude Include="stdafx.h" />
    <ClInclude Include="VideoBackend.h" />
    <ClInclude Include="VertexManager.h">
      <Filter>Decoder</Filter>
    </ClInclude>
    <ClInclude Include="GLUtil.h">
      <Filter>GLUtil</Filter>
    </ClInclude>
    <ClInclude Include="TextureConverter.h">
      <Filter>GLUtil</Filter>
    </ClInclude>
    <ClInclude Include="RasterFont.h">
      <Filter>Logging</Filter>
    </ClInclude>
    <ClInclude Include="FramebufferManager.h">
      <Filter>Render</Filter>
    </ClInclude>
    <ClInclude Include="PostProcessing.h">
      <Filter>Render</Filter>
    </ClInclude>
    <ClInclude Include="ProgramShaderCache.h">
      <Filter>Render</Filter>
    </ClInclude>
    <ClInclude Include="Render.h">
      <Filter>Render</Filter>
    </ClInclude>
    <ClInclude Include="TextureCache.h">
      <Filter>Render</Filter>
    </ClInclude>
    <ClInclude Include="PerfQuery.h">
      <Filter>Render</Filter>
    </ClInclude>
    <ClInclude Include="SamplerCache.h" />
    <ClInclude Include="StreamBuffer.h" />
  </ItemGroup>
  <ItemGroup>
    <None Include="CMakeLists.txt" />
  </ItemGroup>
  <ItemGroup>
    <Filter Include="Decoder">
      <UniqueIdentifier>{a0bb3390-6085-4d10-af48-b60eb4c920e7}</UniqueIdentifier>
    </Filter>
    <Filter Include="GLUtil">
      <UniqueIdentifier>{5b16573b-fb79-4a51-aa7a-d760df844128}</UniqueIdentifier>
    </Filter>
    <Filter Include="Logging">
      <UniqueIdentifier>{14fca297-ab2f-4686-855f-65ab18602248}</UniqueIdentifier>
    </Filter>
    <Filter Include="Render">
      <UniqueIdentifier>{aaa16061-dca9-4155-be44-f77538e839fc}</UniqueIdentifier>
    </Filter>
  </ItemGroup>
</Project>