<?xml version="1.0" encoding="utf-8"?>
<Project ToolsVersion="4.0" xmlns="http://schemas.microsoft.com/developer/msbuild/2003">
  <ItemGroup>
    <Filter Include="ControllerInterface">
      <UniqueIdentifier>{63655b75-3fd6-4cd0-814a-eb9f3505f91d}</UniqueIdentifier>
    </Filter>
    <Filter Include="ControllerInterface\DInput">
      <UniqueIdentifier>{64f2ab35-5cce-40a5-a4d3-232710267e05}</UniqueIdentifier>
    </Filter>
    <Filter Include="ControllerInterface\SDL">
      <UniqueIdentifier>{08565cb5-f959-45dc-90b1-93a9c0135478}</UniqueIdentifier>
    </Filter>
    <Filter Include="ControllerInterface\XInput">
      <UniqueIdentifier>{5a9c1b94-2eab-4357-b44f-87d5db50da3d}</UniqueIdentifier>
    </Filter>
  </ItemGroup>
  <ItemGroup>
    <ClCompile Include="ControllerEmu.cpp" />
    <ClCompile Include="InputConfig.cpp" />
    <ClCompile Include="UDPWiimote.cpp" />
    <ClCompile Include="UDPWrapper.cpp" />
    <ClCompile Include="ControllerInterface\DInput\DInput.cpp">
      <Filter>ControllerInterface\DInput</Filter>
    </ClCompile>
    <ClCompile Include="ControllerInterface\DInput\DInputJoystick.cpp">
      <Filter>ControllerInterface\DInput</Filter>
    </ClCompile>
    <ClCompile Include="ControllerInterface\DInput\DInputKeyboardMouse.cpp">
      <Filter>ControllerInterface\DInput</Filter>
    </ClCompile>
    <ClCompile Include="ControllerInterface\XInput\XInput.cpp">
      <Filter>ControllerInterface\XInput</Filter>
    </ClCompile>
    <ClCompile Include="ControllerInterface\SDL\SDL.cpp">
      <Filter>ControllerInterface\SDL</Filter>
    </ClCompile>
    <ClCompile Include="ControllerInterface\Device.cpp">
      <Filter>ControllerInterface</Filter>
    </ClCompile>
    <ClCompile Include="ControllerInterface\ControllerInterface.cpp">
      <Filter>ControllerInterface</Filter>
    </ClCompile>
    <ClCompile Include="ControllerInterface\ExpressionParser.cpp">
      <Filter>ControllerInterface</Filter>
    </ClCompile>
    <ClCompile Include="stdafx.cpp" />
  </ItemGroup>
  <ItemGroup>
    <ClInclude Include="ControllerEmu.h" />
    <ClInclude Include="GCPadStatus.h" />
    <ClInclude Include="InputConfig.h" />
    <ClInclude Include="UDPWiimote.h" />
    <ClInclude Include="UDPWrapper.h" />
    <ClInclude Include="ControllerInterface\DInput\DInput.h">
      <Filter>ControllerInterface\DInput</Filter>
    </ClInclude>
    <ClInclude Include="ControllerInterface\DInput\DInputJoystick.h">
      <Filter>ControllerInterface\DInput</Filter>
    </ClInclude>
    <ClInclude Include="ControllerInterface\DInput\DInputKeyboardMouse.h">
      <Filter>ControllerInterface\DInput</Filter>
    </ClInclude>
    <ClInclude Include="ControllerInterface\XInput\XInput.h">
      <Filter>ControllerInterface\XInput</Filter>
    </ClInclude>
    <ClInclude Include="ControllerInterface\SDL\SDL.h">
      <Filter>ControllerInterface\SDL</Filter>
    </ClInclude>
    <ClInclude Include="ControllerInterface\ControllerInterface.h">
      <Filter>ControllerInterface</Filter>
    </ClInclude>
    <ClInclude Include="ControllerInterface\Device.h">
      <Filter>ControllerInterface</Filter>
    </ClInclude>
    <ClInclude Include="ControllerInterface\ExpressionParser.h">
      <Filter>ControllerInterface</Filter>
    </ClInclude>
    <ClInclude Include="stdafx.h" />
  </ItemGroup>
  <ItemGroup>
    <Text Include="CMakeLists.txt" />
  </ItemGroup>
</Project>