// !$*UTF8*$!
{
	archiveVersion = 1;
	classes = {
	};
	objectVersion = 46;
	objects = {

/* Begin PBXBuildFile section */
		FAA291DF1ED7404E00F8CE55 /* Align.h in Headers */ = {isa = PBXBuildFile; fileRef = FAA291081ED7404E00F8CE55 /* Align.h */; };
		FAA291E01ED7404E00F8CE55 /* AllocationMap.h in Headers */ = {isa = PBXBuildFile; fileRef = FAA291091ED7404E00F8CE55 /* AllocationMap.h */; };
		FAA291E11ED7404E00F8CE55 /* Analytics.cpp in Sources */ = {isa = PBXBuildFile; fileRef = FAA2910A1ED7404E00F8CE55 /* Analytics.cpp */; };
		FAA291E21ED7404E00F8CE55 /* Analytics.h in Headers */ = {isa = PBXBuildFile; fileRef = FAA2910B1ED7404E00F8CE55 /* Analytics.h */; };
		FAA291E71ED7404E00F8CE55 /* Assert.h in Headers */ = {isa = PBXBuildFile; fileRef = FAA291101ED7404E00F8CE55 /* Assert.h */; };
		FAA291E81ED7404E00F8CE55 /* Atomic_GCC.h in Headers */ = {isa = PBXBuildFile; fileRef = FAA291111ED7404E00F8CE55 /* Atomic_GCC.h */; };
		FAA291E91ED7404E00F8CE55 /* Atomic_Win32.h in Headers */ = {isa = PBXBuildFile; fileRef = FAA291121ED7404E00F8CE55 /* Atomic_Win32.h */; };
		FAA291EA1ED7404E00F8CE55 /* Atomic.h in Headers */ = {isa = PBXBuildFile; fileRef = FAA291131ED7404E00F8CE55 /* Atomic.h */; };
		FAA291EB1ED7404E00F8CE55 /* BitField.h in Headers */ = {isa = PBXBuildFile; fileRef = FAA291141ED7404E00F8CE55 /* BitField.h */; };
		FAA291EC1ED7404E00F8CE55 /* BitHelpers.h in Headers */ = {isa = PBXBuildFile; fileRef = FAA291161ED7404E00F8CE55 /* BitHelpers.h */; };
		FAA291ED1ED7404E00F8CE55 /* BitSet.h in Headers */ = {isa = PBXBuildFile; fileRef = FAA291171ED7404E00F8CE55 /* BitSet.h */; };
		FAA291EE1ED7404E00F8CE55 /* BitUtils.h in Headers */ = {isa = PBXBuildFile; fileRef = FAA291181ED7404E00F8CE55 /* BitUtils.h */; };
		FAA291EF1ED7404E00F8CE55 /* BlockingLoop.h in Headers */ = {isa = PBXBuildFile; fileRef = FAA291191ED7404E00F8CE55 /* BlockingLoop.h */; };
		FAA291F01ED7404E00F8CE55 /* CDUtils.cpp in Sources */ = {isa = PBXBuildFile; fileRef = FAA2911A1ED7404E00F8CE55 /* CDUtils.cpp */; };
		FAA291F11ED7404E00F8CE55 /* CDUtils.h in Headers */ = {isa = PBXBuildFile; fileRef = FAA2911B1ED7404E00F8CE55 /* CDUtils.h */; };
		FAA291F21ED7404E00F8CE55 /* ChunkFile.h in Headers */ = {isa = PBXBuildFile; fileRef = FAA2911C1ED7404E00F8CE55 /* ChunkFile.h */; };
		FAA291F31ED7404E00F8CE55 /* CodeBlock.h in Headers */ = {isa = PBXBuildFile; fileRef = FAA2911E1ED7404E00F8CE55 /* CodeBlock.h */; };
		FAA291F41ED7404E00F8CE55 /* ColorUtil.cpp in Sources */ = {isa = PBXBuildFile; fileRef = FAA2911F1ED7404E00F8CE55 /* ColorUtil.cpp */; };
		FAA291F51ED7404E00F8CE55 /* ColorUtil.h in Headers */ = {isa = PBXBuildFile; fileRef = FAA291201ED7404E00F8CE55 /* ColorUtil.h */; };
		FAA291F61ED7404E00F8CE55 /* Common.h in Headers */ = {isa = PBXBuildFile; fileRef = FAA291211ED7404E00F8CE55 /* Common.h */; };
		FAA291F71ED7404E00F8CE55 /* CommonFuncs.cpp in Sources */ = {isa = PBXBuildFile; fileRef = FAA291241ED7404E00F8CE55 /* CommonFuncs.cpp */; };
		FAA291F81ED7404E00F8CE55 /* CommonFuncs.h in Headers */ = {isa = PBXBuildFile; fileRef = FAA291251ED7404E00F8CE55 /* CommonFuncs.h */; };
		FAA291F91ED7404E00F8CE55 /* CommonPaths.h in Headers */ = {isa = PBXBuildFile; fileRef = FAA291261ED7404E00F8CE55 /* CommonPaths.h */; };
		FAA291FA1ED7404E00F8CE55 /* CommonTypes.h in Headers */ = {isa = PBXBuildFile; fileRef = FAA291271ED7404E00F8CE55 /* CommonTypes.h */; };
		FAA291FB1ED7404E00F8CE55 /* Config.cpp in Sources */ = {isa = PBXBuildFile; fileRef = FAA291291ED7404E00F8CE55 /* Config.cpp */; };
		FAA291FC1ED7404E00F8CE55 /* Config.h in Headers */ = {isa = PBXBuildFile; fileRef = FAA2912A1ED7404E00F8CE55 /* Config.h */; };
		FAA291FD1ED7404E00F8CE55 /* Enums.h in Headers */ = {isa = PBXBuildFile; fileRef = FAA2912B1ED7404E00F8CE55 /* Enums.h */; };
		FAA291FE1ED7404E00F8CE55 /* Layer.cpp in Sources */ = {isa = PBXBuildFile; fileRef = FAA2912C1ED7404E00F8CE55 /* Layer.cpp */; };
		FAA291FF1ED7404E00F8CE55 /* Layer.h in Headers */ = {isa = PBXBuildFile; fileRef = FAA2912D1ED7404E00F8CE55 /* Layer.h */; };
		FAA292001ED7404E00F8CE55 /* Section.cpp in Sources */ = {isa = PBXBuildFile; fileRef = FAA2912E1ED7404E00F8CE55 /* Section.cpp */; };
		FAA292011ED7404E00F8CE55 /* Section.h in Headers */ = {isa = PBXBuildFile; fileRef = FAA2912F1ED7404E00F8CE55 /* Section.h */; };
		FAA292021ED7404E00F8CE55 /* ConstantBuffer.h in Headers */ = {isa = PBXBuildFile; fileRef = FAA291301ED7404E00F8CE55 /* ConstantBuffer.h */; };
		FAA292031ED7404E00F8CE55 /* CPUDetect.h in Headers */ = {isa = PBXBuildFile; fileRef = FAA291311ED7404E00F8CE55 /* CPUDetect.h */; };
		FAA292041ED7404E00F8CE55 /* AES.cpp in Sources */ = {isa = PBXBuildFile; fileRef = FAA291331ED7404E00F8CE55 /* AES.cpp */; };
		FAA292051ED7404E00F8CE55 /* AES.h in Headers */ = {isa = PBXBuildFile; fileRef = FAA291341ED7404E00F8CE55 /* AES.h */; };
		FAA292061ED7404E00F8CE55 /* bn.cpp in Sources */ = {isa = PBXBuildFile; fileRef = FAA291351ED7404E00F8CE55 /* bn.cpp */; };
		FAA292071ED7404E00F8CE55 /* bn.h in Headers */ = {isa = PBXBuildFile; fileRef = FAA291361ED7404E00F8CE55 /* bn.h */; };
		FAA292081ED7404E00F8CE55 /* ec.cpp in Sources */ = {isa = PBXBuildFile; fileRef = FAA291371ED7404E00F8CE55 /* ec.cpp */; };
		FAA292091ED7404E00F8CE55 /* ec.h in Headers */ = {isa = PBXBuildFile; fileRef = FAA291381ED7404E00F8CE55 /* ec.h */; };
		FAA2920A1ED7404E00F8CE55 /* tools.h in Headers */ = {isa = PBXBuildFile; fileRef = FAA291391ED7404E00F8CE55 /* tools.h */; };
		FAA2920B1ED7404E00F8CE55 /* DebugInterface.h in Headers */ = {isa = PBXBuildFile; fileRef = FAA2913A1ED7404E00F8CE55 /* DebugInterface.h */; };
		FAA2920C1ED7404E00F8CE55 /* ENetUtil.cpp in Sources */ = {isa = PBXBuildFile; fileRef = FAA2913B1ED7404E00F8CE55 /* ENetUtil.cpp */; };
		FAA2920D1ED7404E00F8CE55 /* ENetUtil.h in Headers */ = {isa = PBXBuildFile; fileRef = FAA2913C1ED7404E00F8CE55 /* ENetUtil.h */; };
		FAA2920E1ED7404E00F8CE55 /* Event.h in Headers */ = {isa = PBXBuildFile; fileRef = FAA2913D1ED7404E00F8CE55 /* Event.h */; };
		FAA2920F1ED7404E00F8CE55 /* FifoQueue.h in Headers */ = {isa = PBXBuildFile; fileRef = FAA2913E1ED7404E00F8CE55 /* FifoQueue.h */; };
		FAA292101ED7404E00F8CE55 /* FileSearch.cpp in Sources */ = {isa = PBXBuildFile; fileRef = FAA2913F1ED7404E00F8CE55 /* FileSearch.cpp */; };
		FAA292111ED7404E00F8CE55 /* FileSearch.h in Headers */ = {isa = PBXBuildFile; fileRef = FAA291401ED7404E00F8CE55 /* FileSearch.h */; };
		FAA292121ED7404E00F8CE55 /* FileUtil.cpp in Sources */ = {isa = PBXBuildFile; fileRef = FAA291411ED7404E00F8CE55 /* FileUtil.cpp */; };
		FAA292131ED7404E00F8CE55 /* FileUtil.h in Headers */ = {isa = PBXBuildFile; fileRef = FAA291421ED7404E00F8CE55 /* FileUtil.h */; };
		FAA292141ED7404E00F8CE55 /* FixedSizeQueue.h in Headers */ = {isa = PBXBuildFile; fileRef = FAA291431ED7404E00F8CE55 /* FixedSizeQueue.h */; };
		FAA292151ED7404E00F8CE55 /* Flag.h in Headers */ = {isa = PBXBuildFile; fileRef = FAA291441ED7404E00F8CE55 /* Flag.h */; };
		FAA292161ED7404E00F8CE55 /* FPURoundMode.h in Headers */ = {isa = PBXBuildFile; fileRef = FAA291451ED7404E00F8CE55 /* FPURoundMode.h */; };
		FAA292171ED7404E00F8CE55 /* GekkoDisassembler.cpp in Sources */ = {isa = PBXBuildFile; fileRef = FAA291461ED7404E00F8CE55 /* GekkoDisassembler.cpp */; };
		FAA292181ED7404E00F8CE55 /* GekkoDisassembler.h in Headers */ = {isa = PBXBuildFile; fileRef = FAA291471ED7404E00F8CE55 /* GekkoDisassembler.h */; };
		FAA2921B1ED7404E00F8CE55 /* AMD_pinned_memory.h in Headers */ = {isa = PBXBuildFile; fileRef = FAA2914C1ED7404E00F8CE55 /* AMD_pinned_memory.h */; };
		FAA2921C1ED7404E00F8CE55 /* ARB_blend_func_extended.h in Headers */ = {isa = PBXBuildFile; fileRef = FAA2914D1ED7404E00F8CE55 /* ARB_blend_func_extended.h */; };
		FAA2921D1ED7404E00F8CE55 /* ARB_buffer_storage.h in Headers */ = {isa = PBXBuildFile; fileRef = FAA2914E1ED7404E00F8CE55 /* ARB_buffer_storage.h */; };
		FAA2921E1ED7404E00F8CE55 /* ARB_clip_control.h in Headers */ = {isa = PBXBuildFile; fileRef = FAA2914F1ED7404E00F8CE55 /* ARB_clip_control.h */; };
		FAA2921F1ED7404E00F8CE55 /* ARB_compute_shader.h in Headers */ = {isa = PBXBuildFile; fileRef = FAA291501ED7404E00F8CE55 /* ARB_compute_shader.h */; };
		FAA292201ED7404E00F8CE55 /* ARB_copy_image.h in Headers */ = {isa = PBXBuildFile; fileRef = FAA291511ED7404E00F8CE55 /* ARB_copy_image.h */; };
		FAA292211ED7404E00F8CE55 /* ARB_debug_output.h in Headers */ = {isa = PBXBuildFile; fileRef = FAA291521ED7404E00F8CE55 /* ARB_debug_output.h */; };
		FAA292221ED7404E00F8CE55 /* ARB_draw_elements_base_vertex.h in Headers */ = {isa = PBXBuildFile; fileRef = FAA291531ED7404E00F8CE55 /* ARB_draw_elements_base_vertex.h */; };
		FAA292231ED7404E00F8CE55 /* ARB_ES2_compatibility.h in Headers */ = {isa = PBXBuildFile; fileRef = FAA291541ED7404E00F8CE55 /* ARB_ES2_compatibility.h */; };
		FAA292241ED7404E00F8CE55 /* ARB_ES3_compatibility.h in Headers */ = {isa = PBXBuildFile; fileRef = FAA291551ED7404E00F8CE55 /* ARB_ES3_compatibility.h */; };
		FAA292251ED7404E00F8CE55 /* ARB_framebuffer_object.h in Headers */ = {isa = PBXBuildFile; fileRef = FAA291561ED7404E00F8CE55 /* ARB_framebuffer_object.h */; };
		FAA292261ED7404E00F8CE55 /* ARB_get_program_binary.h in Headers */ = {isa = PBXBuildFile; fileRef = FAA291571ED7404E00F8CE55 /* ARB_get_program_binary.h */; };
		FAA292271ED7404E00F8CE55 /* ARB_map_buffer_range.h in Headers */ = {isa = PBXBuildFile; fileRef = FAA291581ED7404E00F8CE55 /* ARB_map_buffer_range.h */; };
		FAA292281ED7404E00F8CE55 /* ARB_occlusion_query2.h in Headers */ = {isa = PBXBuildFile; fileRef = FAA291591ED7404E00F8CE55 /* ARB_occlusion_query2.h */; };
		FAA292291ED7404E00F8CE55 /* ARB_sample_shading.h in Headers */ = {isa = PBXBuildFile; fileRef = FAA2915A1ED7404E00F8CE55 /* ARB_sample_shading.h */; };
		FAA2922A1ED7404E00F8CE55 /* ARB_sampler_objects.h in Headers */ = {isa = PBXBuildFile; fileRef = FAA2915B1ED7404E00F8CE55 /* ARB_sampler_objects.h */; };
		FAA2922B1ED7404E00F8CE55 /* ARB_shader_image_load_store.h in Headers */ = {isa = PBXBuildFile; fileRef = FAA2915C1ED7404E00F8CE55 /* ARB_shader_image_load_store.h */; };
		FAA2922C1ED7404E00F8CE55 /* ARB_shader_storage_buffer_object.h in Headers */ = {isa = PBXBuildFile; fileRef = FAA2915D1ED7404E00F8CE55 /* ARB_shader_storage_buffer_object.h */; };
		FAA2922D1ED7404E00F8CE55 /* ARB_sync.h in Headers */ = {isa = PBXBuildFile; fileRef = FAA2915E1ED7404E00F8CE55 /* ARB_sync.h */; };
		FAA2922E1ED7404E00F8CE55 /* ARB_texture_multisample.h in Headers */ = {isa = PBXBuildFile; fileRef = FAA2915F1ED7404E00F8CE55 /* ARB_texture_multisample.h */; };
		FAA2922F1ED7404E00F8CE55 /* ARB_texture_storage.h in Headers */ = {isa = PBXBuildFile; fileRef = FAA291601ED7404E00F8CE55 /* ARB_texture_storage.h */; };
		FAA292301ED7404E00F8CE55 /* ARB_texture_storage_multisample.h in Headers */ = {isa = PBXBuildFile; fileRef = FAA291611ED7404E00F8CE55 /* ARB_texture_storage_multisample.h */; };
		FAA292311ED7404E00F8CE55 /* ARB_uniform_buffer_object.h in Headers */ = {isa = PBXBuildFile; fileRef = FAA291621ED7404E00F8CE55 /* ARB_uniform_buffer_object.h */; };
		FAA292321ED7404E00F8CE55 /* ARB_vertex_array_object.h in Headers */ = {isa = PBXBuildFile; fileRef = FAA291631ED7404E00F8CE55 /* ARB_vertex_array_object.h */; };
		FAA292331ED7404E00F8CE55 /* ARB_viewport_array.h in Headers */ = {isa = PBXBuildFile; fileRef = FAA291641ED7404E00F8CE55 /* ARB_viewport_array.h */; };
		FAA292341ED7404E00F8CE55 /* EXT_texture_compression_s3tc.h in Headers */ = {isa = PBXBuildFile; fileRef = FAA291651ED7404E00F8CE55 /* EXT_texture_compression_s3tc.h */; };
		FAA292351ED7404E00F8CE55 /* EXT_texture_filter_anisotropic.h in Headers */ = {isa = PBXBuildFile; fileRef = FAA291661ED7404E00F8CE55 /* EXT_texture_filter_anisotropic.h */; };
		FAA292361ED7404E00F8CE55 /* gl_1_1.h in Headers */ = {isa = PBXBuildFile; fileRef = FAA291671ED7404E00F8CE55 /* gl_1_1.h */; };
		FAA292371ED7404E00F8CE55 /* gl_1_2.h in Headers */ = {isa = PBXBuildFile; fileRef = FAA291681ED7404E00F8CE55 /* gl_1_2.h */; };
		FAA292381ED7404E00F8CE55 /* gl_1_3.h in Headers */ = {isa = PBXBuildFile; fileRef = FAA291691ED7404E00F8CE55 /* gl_1_3.h */; };
		FAA292391ED7404E00F8CE55 /* gl_1_4.h in Headers */ = {isa = PBXBuildFile; fileRef = FAA2916A1ED7404E00F8CE55 /* gl_1_4.h */; };
		FAA2923A1ED7404E00F8CE55 /* gl_1_5.h in Headers */ = {isa = PBXBuildFile; fileRef = FAA2916B1ED7404E00F8CE55 /* gl_1_5.h */; };
		FAA2923B1ED7404E00F8CE55 /* gl_2_0.h in Headers */ = {isa = PBXBuildFile; fileRef = FAA2916C1ED7404E00F8CE55 /* gl_2_0.h */; };
		FAA2923C1ED7404E00F8CE55 /* gl_2_1.h in Headers */ = {isa = PBXBuildFile; fileRef = FAA2916D1ED7404E00F8CE55 /* gl_2_1.h */; };
		FAA2923D1ED7404E00F8CE55 /* gl_3_0.h in Headers */ = {isa = PBXBuildFile; fileRef = FAA2916E1ED7404E00F8CE55 /* gl_3_0.h */; };
		FAA2923E1ED7404E00F8CE55 /* gl_3_1.h in Headers */ = {isa = PBXBuildFile; fileRef = FAA2916F1ED7404E00F8CE55 /* gl_3_1.h */; };
		FAA2923F1ED7404E00F8CE55 /* gl_3_2.h in Headers */ = {isa = PBXBuildFile; fileRef = FAA291701ED7404E00F8CE55 /* gl_3_2.h */; };
		FAA292401ED7404E00F8CE55 /* gl_4_2.h in Headers */ = {isa = PBXBuildFile; fileRef = FAA291711ED7404E00F8CE55 /* gl_4_2.h */; };
		FAA292411ED7404E00F8CE55 /* gl_4_3.h in Headers */ = {isa = PBXBuildFile; fileRef = FAA291721ED7404E00F8CE55 /* gl_4_3.h */; };
		FAA292421ED7404E00F8CE55 /* gl_4_4.h in Headers */ = {isa = PBXBuildFile; fileRef = FAA291731ED7404E00F8CE55 /* gl_4_4.h */; };
		FAA292431ED7404E00F8CE55 /* gl_4_5.h in Headers */ = {isa = PBXBuildFile; fileRef = FAA291741ED7404E00F8CE55 /* gl_4_5.h */; };
		FAA292441ED7404E00F8CE55 /* gl_common.h in Headers */ = {isa = PBXBuildFile; fileRef = FAA291751ED7404E00F8CE55 /* gl_common.h */; };
		FAA292451ED7404E00F8CE55 /* GLExtensions.cpp in Sources */ = {isa = PBXBuildFile; fileRef = FAA291761ED7404E00F8CE55 /* GLExtensions.cpp */; };
		FAA292461ED7404E00F8CE55 /* GLExtensions.h in Headers */ = {isa = PBXBuildFile; fileRef = FAA291771ED7404E00F8CE55 /* GLExtensions.h */; };
		FAA292471ED7404E00F8CE55 /* HP_occlusion_test.h in Headers */ = {isa = PBXBuildFile; fileRef = FAA291781ED7404E00F8CE55 /* HP_occlusion_test.h */; };
		FAA292481ED7404E00F8CE55 /* KHR_debug.h in Headers */ = {isa = PBXBuildFile; fileRef = FAA291791ED7404E00F8CE55 /* KHR_debug.h */; };
		FAA292491ED7404E00F8CE55 /* NV_depth_buffer_float.h in Headers */ = {isa = PBXBuildFile; fileRef = FAA2917A1ED7404E00F8CE55 /* NV_depth_buffer_float.h */; };
		FAA2924A1ED7404E00F8CE55 /* NV_occlusion_query_samples.h in Headers */ = {isa = PBXBuildFile; fileRef = FAA2917B1ED7404E00F8CE55 /* NV_occlusion_query_samples.h */; };
		FAA2924B1ED7404E00F8CE55 /* NV_primitive_restart.h in Headers */ = {isa = PBXBuildFile; fileRef = FAA2917C1ED7404E00F8CE55 /* NV_primitive_restart.h */; };
		FAA2924C1ED7404E00F8CE55 /* AGL.h in Headers */ = {isa = PBXBuildFile; fileRef = FAA2917E1ED7404E00F8CE55 /* AGL.h */; };
		FAA2924D1ED7404E00F8CE55 /* AGL.mm in Sources */ = {isa = PBXBuildFile; fileRef = FAA2917F1ED7404E00F8CE55 /* AGL.mm */; };
		FAA292581ED7404E00F8CE55 /* GLInterface.cpp in Sources */ = {isa = PBXBuildFile; fileRef = FAA2918A1ED7404E00F8CE55 /* GLInterface.cpp */; };
		FAA2925A1ED7404E00F8CE55 /* GLX.h in Headers */ = {isa = PBXBuildFile; fileRef = FAA2918C1ED7404E00F8CE55 /* GLX.h */; };
		FAA2925C1ED7404E00F8CE55 /* WGL.h in Headers */ = {isa = PBXBuildFile; fileRef = FAA2918E1ED7404E00F8CE55 /* WGL.h */; };
		FAA2925E1ED7404E00F8CE55 /* X11_Util.h in Headers */ = {isa = PBXBuildFile; fileRef = FAA291901ED7404E00F8CE55 /* X11_Util.h */; };
		FAA2925F1ED7404E00F8CE55 /* GLInterfaceBase.h in Headers */ = {isa = PBXBuildFile; fileRef = FAA291911ED7404E00F8CE55 /* GLInterfaceBase.h */; };
		FAA292601ED7404E00F8CE55 /* GLUtil.cpp in Sources */ = {isa = PBXBuildFile; fileRef = FAA291921ED7404E00F8CE55 /* GLUtil.cpp */; };
		FAA292611ED7404E00F8CE55 /* GLUtil.h in Headers */ = {isa = PBXBuildFile; fileRef = FAA291931ED7404E00F8CE55 /* GLUtil.h */; };
		FAA292621ED7404E00F8CE55 /* Hash.cpp in Sources */ = {isa = PBXBuildFile; fileRef = FAA291941ED7404E00F8CE55 /* Hash.cpp */; };
		FAA292631ED7404E00F8CE55 /* Hash.h in Headers */ = {isa = PBXBuildFile; fileRef = FAA291951ED7404E00F8CE55 /* Hash.h */; };
		FAA292641ED7404E00F8CE55 /* IniFile.cpp in Sources */ = {isa = PBXBuildFile; fileRef = FAA291961ED7404E00F8CE55 /* IniFile.cpp */; };
		FAA292651ED7404E00F8CE55 /* IniFile.h in Headers */ = {isa = PBXBuildFile; fileRef = FAA291971ED7404E00F8CE55 /* IniFile.h */; };
		FAA292661ED7404E00F8CE55 /* Intrinsics.h in Headers */ = {isa = PBXBuildFile; fileRef = FAA291981ED7404E00F8CE55 /* Intrinsics.h */; };
		FAA292671ED7404E00F8CE55 /* JitRegister.cpp in Sources */ = {isa = PBXBuildFile; fileRef = FAA291991ED7404E00F8CE55 /* JitRegister.cpp */; };
		FAA292681ED7404E00F8CE55 /* JitRegister.h in Headers */ = {isa = PBXBuildFile; fileRef = FAA2919A1ED7404E00F8CE55 /* JitRegister.h */; };
		FAA292691ED7404E00F8CE55 /* LinearDiskCache.h in Headers */ = {isa = PBXBuildFile; fileRef = FAA2919B1ED7404E00F8CE55 /* LinearDiskCache.h */; };
		FAA2926A1ED7404E00F8CE55 /* ConsoleListener.h in Headers */ = {isa = PBXBuildFile; fileRef = FAA2919D1ED7404E00F8CE55 /* ConsoleListener.h */; };
		FAA2926C1ED7404E00F8CE55 /* ConsoleListenerNix.cpp in Sources */ = {isa = PBXBuildFile; fileRef = FAA2919F1ED7404E00F8CE55 /* ConsoleListenerNix.cpp */; };
		FAA2926E1ED7404E00F8CE55 /* Log.h in Headers */ = {isa = PBXBuildFile; fileRef = FAA291A11ED7404E00F8CE55 /* Log.h */; };
		FAA2926F1ED7404E00F8CE55 /* LogManager.cpp in Sources */ = {isa = PBXBuildFile; fileRef = FAA291A21ED7404E00F8CE55 /* LogManager.cpp */; };
		FAA292701ED7404E00F8CE55 /* LogManager.h in Headers */ = {isa = PBXBuildFile; fileRef = FAA291A31ED7404E00F8CE55 /* LogManager.h */; };
		FAA292711ED7404E00F8CE55 /* MathUtil.cpp in Sources */ = {isa = PBXBuildFile; fileRef = FAA291A51ED7404E00F8CE55 /* MathUtil.cpp */; };
		FAA292721ED7404E00F8CE55 /* MathUtil.h in Headers */ = {isa = PBXBuildFile; fileRef = FAA291A61ED7404E00F8CE55 /* MathUtil.h */; };
		FAA292751ED7404E00F8CE55 /* MemArena.cpp in Sources */ = {isa = PBXBuildFile; fileRef = FAA291A91ED7404E00F8CE55 /* MemArena.cpp */; };
		FAA292761ED7404E00F8CE55 /* MemArena.h in Headers */ = {isa = PBXBuildFile; fileRef = FAA291AA1ED7404E00F8CE55 /* MemArena.h */; };
		FAA292771ED7404E00F8CE55 /* MemoryUtil.cpp in Sources */ = {isa = PBXBuildFile; fileRef = FAA291AB1ED7404E00F8CE55 /* MemoryUtil.cpp */; };
		FAA292781ED7404E00F8CE55 /* MemoryUtil.h in Headers */ = {isa = PBXBuildFile; fileRef = FAA291AC1ED7404E00F8CE55 /* MemoryUtil.h */; };
		FAA292791ED7404E00F8CE55 /* MsgHandler.cpp in Sources */ = {isa = PBXBuildFile; fileRef = FAA291AD1ED7404E00F8CE55 /* MsgHandler.cpp */; };
		FAA2927A1ED7404E00F8CE55 /* MsgHandler.h in Headers */ = {isa = PBXBuildFile; fileRef = FAA291AE1ED7404E00F8CE55 /* MsgHandler.h */; };
		FAA2927B1ED7404E00F8CE55 /* NandPaths.cpp in Sources */ = {isa = PBXBuildFile; fileRef = FAA291AF1ED7404E00F8CE55 /* NandPaths.cpp */; };
		FAA2927C1ED7404E00F8CE55 /* NandPaths.h in Headers */ = {isa = PBXBuildFile; fileRef = FAA291B01ED7404E00F8CE55 /* NandPaths.h */; };
		FAA2927D1ED7404E00F8CE55 /* Network.cpp in Sources */ = {isa = PBXBuildFile; fileRef = FAA291B11ED7404E00F8CE55 /* Network.cpp */; };
		FAA2927E1ED7404E00F8CE55 /* Network.h in Headers */ = {isa = PBXBuildFile; fileRef = FAA291B21ED7404E00F8CE55 /* Network.h */; };
		FAA2927F1ED7404E00F8CE55 /* NonCopyable.h in Headers */ = {isa = PBXBuildFile; fileRef = FAA291B31ED7404E00F8CE55 /* NonCopyable.h */; };
		FAA292801ED7404E00F8CE55 /* PcapFile.cpp in Sources */ = {isa = PBXBuildFile; fileRef = FAA291B41ED7404E00F8CE55 /* PcapFile.cpp */; };
		FAA292811ED7404E00F8CE55 /* PcapFile.h in Headers */ = {isa = PBXBuildFile; fileRef = FAA291B51ED7404E00F8CE55 /* PcapFile.h */; };
		FAA292821ED7404E00F8CE55 /* PerformanceCounter.cpp in Sources */ = {isa = PBXBuildFile; fileRef = FAA291B61ED7404E00F8CE55 /* PerformanceCounter.cpp */; };
		FAA292831ED7404E00F8CE55 /* PerformanceCounter.h in Headers */ = {isa = PBXBuildFile; fileRef = FAA291B71ED7404E00F8CE55 /* PerformanceCounter.h */; };
		FAA292841ED7404E00F8CE55 /* Profiler.cpp in Sources */ = {isa = PBXBuildFile; fileRef = FAA291B81ED7404E00F8CE55 /* Profiler.cpp */; };
		FAA292851ED7404E00F8CE55 /* Profiler.h in Headers */ = {isa = PBXBuildFile; fileRef = FAA291B91ED7404E00F8CE55 /* Profiler.h */; };
		FAA292861ED7404E00F8CE55 /* ScopeGuard.h in Headers */ = {isa = PBXBuildFile; fileRef = FAA291BC1ED7404E00F8CE55 /* ScopeGuard.h */; };
		FAA292871ED7404E00F8CE55 /* SDCardUtil.cpp in Sources */ = {isa = PBXBuildFile; fileRef = FAA291BD1ED7404E00F8CE55 /* SDCardUtil.cpp */; };
		FAA292881ED7404E00F8CE55 /* SDCardUtil.h in Headers */ = {isa = PBXBuildFile; fileRef = FAA291BE1ED7404E00F8CE55 /* SDCardUtil.h */; };
		FAA292891ED7404E00F8CE55 /* Semaphore.h in Headers */ = {isa = PBXBuildFile; fileRef = FAA291BF1ED7404E00F8CE55 /* Semaphore.h */; };
		FAA2928A1ED7404E00F8CE55 /* SettingsHandler.cpp in Sources */ = {isa = PBXBuildFile; fileRef = FAA291C01ED7404E00F8CE55 /* SettingsHandler.cpp */; };
		FAA2928B1ED7404E00F8CE55 /* SettingsHandler.h in Headers */ = {isa = PBXBuildFile; fileRef = FAA291C11ED7404E00F8CE55 /* SettingsHandler.h */; };
		FAA2928C1ED7404E00F8CE55 /* StringUtil.cpp in Sources */ = {isa = PBXBuildFile; fileRef = FAA291C21ED7404E00F8CE55 /* StringUtil.cpp */; };
		FAA2928D1ED7404E00F8CE55 /* StringUtil.h in Headers */ = {isa = PBXBuildFile; fileRef = FAA291C31ED7404E00F8CE55 /* StringUtil.h */; };
		FAA2928E1ED7404E00F8CE55 /* Swap.h in Headers */ = {isa = PBXBuildFile; fileRef = FAA291C41ED7404E00F8CE55 /* Swap.h */; };
		FAA2928F1ED7404E00F8CE55 /* SymbolDB.cpp in Sources */ = {isa = PBXBuildFile; fileRef = FAA291C51ED7404E00F8CE55 /* SymbolDB.cpp */; };
		FAA292901ED7404E00F8CE55 /* SymbolDB.h in Headers */ = {isa = PBXBuildFile; fileRef = FAA291C61ED7404E00F8CE55 /* SymbolDB.h */; };
		FAA292911ED7404E00F8CE55 /* SysConf.cpp in Sources */ = {isa = PBXBuildFile; fileRef = FAA291C71ED7404E00F8CE55 /* SysConf.cpp */; };
		FAA292921ED7404E00F8CE55 /* SysConf.h in Headers */ = {isa = PBXBuildFile; fileRef = FAA291C81ED7404E00F8CE55 /* SysConf.h */; };
		FAA292931ED7404E00F8CE55 /* Thread.cpp in Sources */ = {isa = PBXBuildFile; fileRef = FAA291C91ED7404E00F8CE55 /* Thread.cpp */; };
		FAA292941ED7404E00F8CE55 /* Thread.h in Headers */ = {isa = PBXBuildFile; fileRef = FAA291CA1ED7404E00F8CE55 /* Thread.h */; };
		FAA292971ED7404E00F8CE55 /* Timer.cpp in Sources */ = {isa = PBXBuildFile; fileRef = FAA291CD1ED7404E00F8CE55 /* Timer.cpp */; };
		FAA292981ED7404E00F8CE55 /* Timer.h in Headers */ = {isa = PBXBuildFile; fileRef = FAA291CE1ED7404E00F8CE55 /* Timer.h */; };
		FAA292991ED7404E00F8CE55 /* TraversalClient.cpp in Sources */ = {isa = PBXBuildFile; fileRef = FAA291CF1ED7404E00F8CE55 /* TraversalClient.cpp */; };
		FAA2929A1ED7404E00F8CE55 /* TraversalClient.h in Headers */ = {isa = PBXBuildFile; fileRef = FAA291D01ED7404E00F8CE55 /* TraversalClient.h */; };
		FAA2929B1ED7404E00F8CE55 /* TraversalProto.h in Headers */ = {isa = PBXBuildFile; fileRef = FAA291D11ED7404E00F8CE55 /* TraversalProto.h */; };
		FAA2929D1ED7404E00F8CE55 /* ucrtFreadWorkaround.cpp in Sources */ = {isa = PBXBuildFile; fileRef = FAA291D31ED7404E00F8CE55 /* ucrtFreadWorkaround.cpp */; };
		FAA2929E1ED7404E00F8CE55 /* Version.cpp in Sources */ = {isa = PBXBuildFile; fileRef = FAA291D41ED7404E00F8CE55 /* Version.cpp */; };
		FAA2929F1ED7404E00F8CE55 /* x64ABI.cpp in Sources */ = {isa = PBXBuildFile; fileRef = FAA291D81ED7404E00F8CE55 /* x64ABI.cpp */; };
		FAA292A01ED7404E00F8CE55 /* x64ABI.h in Headers */ = {isa = PBXBuildFile; fileRef = FAA291D91ED7404E00F8CE55 /* x64ABI.h */; };
		FAA292A11ED7404E00F8CE55 /* x64CPUDetect.cpp in Sources */ = {isa = PBXBuildFile; fileRef = FAA291DA1ED7404E00F8CE55 /* x64CPUDetect.cpp */; };
		FAA292A21ED7404E00F8CE55 /* x64Emitter.cpp in Sources */ = {isa = PBXBuildFile; fileRef = FAA291DB1ED7404E00F8CE55 /* x64Emitter.cpp */; };
		FAA292A31ED7404E00F8CE55 /* x64Emitter.h in Headers */ = {isa = PBXBuildFile; fileRef = FAA291DC1ED7404E00F8CE55 /* x64Emitter.h */; };
		FAA292A41ED7404E00F8CE55 /* x64FPURoundMode.cpp in Sources */ = {isa = PBXBuildFile; fileRef = FAA291DD1ED7404E00F8CE55 /* x64FPURoundMode.cpp */; };
		FAA292A51ED7404E00F8CE55 /* x64Reg.h in Headers */ = {isa = PBXBuildFile; fileRef = FAA291DE1ED7404E00F8CE55 /* x64Reg.h */; };
		FAA292A81ED742E100F8CE55 /* MD5.cpp in Sources */ = {isa = PBXBuildFile; fileRef = FAA292A61ED742E100F8CE55 /* MD5.cpp */; };
		FAA292A91ED742E100F8CE55 /* MD5.h in Headers */ = {isa = PBXBuildFile; fileRef = FAA292A71ED742E100F8CE55 /* MD5.h */; };
		FAA292B51ED7438400F8CE55 /* TraversalServer.cpp in Sources */ = {isa = PBXBuildFile; fileRef = FAA291D21ED7404E00F8CE55 /* TraversalServer.cpp */; };
		FAA292BD1ED7445100F8CE55 /* libenet.a in Frameworks */ = {isa = PBXBuildFile; fileRef = FAA292BC1ED7444C00F8CE55 /* libenet.a */; };
		FAA292C21ED74A4400F8CE55 /* scmrev.h in Headers */ = {isa = PBXBuildFile; fileRef = FAA292C11ED74A4400F8CE55 /* scmrev.h */; };
		FAA292EA1ED76DA600F8CE55 /* libmbedcrypto.a in Frameworks */ = {isa = PBXBuildFile; fileRef = FAA292E51ED76D7A00F8CE55 /* libmbedcrypto.a */; };
/* End PBXBuildFile section */

/* Begin PBXContainerItemProxy section */
		FAA292BB1ED7444C00F8CE55 /* PBXContainerItemProxy */ = {
			isa = PBXContainerItemProxy;
			containerPortal = FAA292B71ED7444C00F8CE55 /* enet.xcodeproj */;
			proxyType = 2;
			remoteGlobalIDString = FAA28A9F1ED71EA600F8CE55;
			remoteInfo = enet;
		};
		FAA292E41ED76D7A00F8CE55 /* PBXContainerItemProxy */ = {
			isa = PBXContainerItemProxy;
			containerPortal = FAA292DE1ED76D7A00F8CE55 /* mbedtls.xcodeproj */;
			proxyType = 2;
			remoteGlobalIDString = FAA290AD1ED73CCC00F8CE55;
			remoteInfo = mbedcrypto;
		};
		FAA292E61ED76D7A00F8CE55 /* PBXContainerItemProxy */ = {
			isa = PBXContainerItemProxy;
			containerPortal = FAA292DE1ED76D7A00F8CE55 /* mbedtls.xcodeproj */;
			proxyType = 2;
			remoteGlobalIDString = FAA290B51ED73CE000F8CE55;
			remoteInfo = mbedx509;
		};
		FAA292E81ED76D7A00F8CE55 /* PBXContainerItemProxy */ = {
			isa = PBXContainerItemProxy;
			containerPortal = FAA292DE1ED76D7A00F8CE55 /* mbedtls.xcodeproj */;
			proxyType = 2;
			remoteGlobalIDString = FAA290BD1ED73D8B00F8CE55;
			remoteInfo = mbedtls;
		};
/* End PBXContainerItemProxy section */

/* Begin PBXCopyFilesBuildPhase section */
		FAA292AC1ED7435800F8CE55 /* CopyFiles */ = {
			isa = PBXCopyFilesBuildPhase;
			buildActionMask = 2147483647;
			dstPath = /usr/share/man/man1/;
			dstSubfolderSpec = 0;
			files = (
			);
			runOnlyForDeploymentPostprocessing = 1;
		};
/* End PBXCopyFilesBuildPhase section */

/* Begin PBXFileReference section */
		FAA28A621ED50B6300F8CE55 /* libcommon.a */ = {isa = PBXFileReference; explicitFileType = archive.ar; includeInIndex = 0; path = libcommon.a; sourceTree = BUILT_PRODUCTS_DIR; };
		FAA291081ED7404E00F8CE55 /* Align.h */ = {isa = PBXFileReference; fileEncoding = 4; lastKnownFileType = sourcecode.c.h; path = Align.h; sourceTree = "<group>"; };
		FAA291091ED7404E00F8CE55 /* AllocationMap.h */ = {isa = PBXFileReference; fileEncoding = 4; lastKnownFileType = sourcecode.c.h; path = AllocationMap.h; sourceTree = "<group>"; };
		FAA2910A1ED7404E00F8CE55 /* Analytics.cpp */ = {isa = PBXFileReference; fileEncoding = 4; lastKnownFileType = sourcecode.cpp.cpp; path = Analytics.cpp; sourceTree = "<group>"; };
		FAA2910B1ED7404E00F8CE55 /* Analytics.h */ = {isa = PBXFileReference; fileEncoding = 4; lastKnownFileType = sourcecode.c.h; path = Analytics.h; sourceTree = "<group>"; };
		FAA291101ED7404E00F8CE55 /* Assert.h */ = {isa = PBXFileReference; fileEncoding = 4; lastKnownFileType = sourcecode.c.h; path = Assert.h; sourceTree = "<group>"; };
		FAA291111ED7404E00F8CE55 /* Atomic_GCC.h */ = {isa = PBXFileReference; fileEncoding = 4; lastKnownFileType = sourcecode.c.h; path = Atomic_GCC.h; sourceTree = "<group>"; };
		FAA291121ED7404E00F8CE55 /* Atomic_Win32.h */ = {isa = PBXFileReference; fileEncoding = 4; lastKnownFileType = sourcecode.c.h; path = Atomic_Win32.h; sourceTree = "<group>"; };
		FAA291131ED7404E00F8CE55 /* Atomic.h */ = {isa = PBXFileReference; fileEncoding = 4; lastKnownFileType = sourcecode.c.h; path = Atomic.h; sourceTree = "<group>"; };
		FAA291141ED7404E00F8CE55 /* BitField.h */ = {isa = PBXFileReference; fileEncoding = 4; lastKnownFileType = sourcecode.c.h; path = BitField.h; sourceTree = "<group>"; };
		FAA291151ED7404E00F8CE55 /* BitField.natvis */ = {isa = PBXFileReference; fileEncoding = 4; lastKnownFileType = text.xml; path = BitField.natvis; sourceTree = "<group>"; };
		FAA291161ED7404E00F8CE55 /* BitHelpers.h */ = {isa = PBXFileReference; fileEncoding = 4; lastKnownFileType = sourcecode.c.h; path = BitHelpers.h; sourceTree = "<group>"; };
		FAA291171ED7404E00F8CE55 /* BitSet.h */ = {isa = PBXFileReference; fileEncoding = 4; lastKnownFileType = sourcecode.c.h; path = BitSet.h; sourceTree = "<group>"; };
		FAA291181ED7404E00F8CE55 /* BitUtils.h */ = {isa = PBXFileReference; fileEncoding = 4; lastKnownFileType = sourcecode.c.h; path = BitUtils.h; sourceTree = "<group>"; };
		FAA291191ED7404E00F8CE55 /* BlockingLoop.h */ = {isa = PBXFileReference; fileEncoding = 4; lastKnownFileType = sourcecode.c.h; path = BlockingLoop.h; sourceTree = "<group>"; };
		FAA2911A1ED7404E00F8CE55 /* CDUtils.cpp */ = {isa = PBXFileReference; fileEncoding = 4; lastKnownFileType = sourcecode.cpp.cpp; path = CDUtils.cpp; sourceTree = "<group>"; };
		FAA2911B1ED7404E00F8CE55 /* CDUtils.h */ = {isa = PBXFileReference; fileEncoding = 4; lastKnownFileType = sourcecode.c.h; path = CDUtils.h; sourceTree = "<group>"; };
		FAA2911C1ED7404E00F8CE55 /* ChunkFile.h */ = {isa = PBXFileReference; fileEncoding = 4; lastKnownFileType = sourcecode.c.h; path = ChunkFile.h; sourceTree = "<group>"; };
		FAA2911D1ED7404E00F8CE55 /* CMakeLists.txt */ = {isa = PBXFileReference; fileEncoding = 4; lastKnownFileType = text; path = CMakeLists.txt; sourceTree = "<group>"; };
		FAA2911E1ED7404E00F8CE55 /* CodeBlock.h */ = {isa = PBXFileReference; fileEncoding = 4; lastKnownFileType = sourcecode.c.h; path = CodeBlock.h; sourceTree = "<group>"; };
		FAA2911F1ED7404E00F8CE55 /* ColorUtil.cpp */ = {isa = PBXFileReference; fileEncoding = 4; lastKnownFileType = sourcecode.cpp.cpp; path = ColorUtil.cpp; sourceTree = "<group>"; };
		FAA291201ED7404E00F8CE55 /* ColorUtil.h */ = {isa = PBXFileReference; fileEncoding = 4; lastKnownFileType = sourcecode.c.h; path = ColorUtil.h; sourceTree = "<group>"; };
		FAA291211ED7404E00F8CE55 /* Common.h */ = {isa = PBXFileReference; fileEncoding = 4; lastKnownFileType = sourcecode.c.h; path = Common.h; sourceTree = "<group>"; };
		FAA291241ED7404E00F8CE55 /* CommonFuncs.cpp */ = {isa = PBXFileReference; fileEncoding = 4; lastKnownFileType = sourcecode.cpp.cpp; path = CommonFuncs.cpp; sourceTree = "<group>"; };
		FAA291251ED7404E00F8CE55 /* CommonFuncs.h */ = {isa = PBXFileReference; fileEncoding = 4; lastKnownFileType = sourcecode.c.h; path = CommonFuncs.h; sourceTree = "<group>"; };
		FAA291261ED7404E00F8CE55 /* CommonPaths.h */ = {isa = PBXFileReference; fileEncoding = 4; lastKnownFileType = sourcecode.c.h; path = CommonPaths.h; sourceTree = "<group>"; };
		FAA291271ED7404E00F8CE55 /* CommonTypes.h */ = {isa = PBXFileReference; fileEncoding = 4; lastKnownFileType = sourcecode.c.h; path = CommonTypes.h; sourceTree = "<group>"; };
		FAA291291ED7404E00F8CE55 /* Config.cpp */ = {isa = PBXFileReference; fileEncoding = 4; lastKnownFileType = sourcecode.cpp.cpp; path = Config.cpp; sourceTree = "<group>"; };
		FAA2912A1ED7404E00F8CE55 /* Config.h */ = {isa = PBXFileReference; fileEncoding = 4; lastKnownFileType = sourcecode.c.h; path = Config.h; sourceTree = "<group>"; };
		FAA2912B1ED7404E00F8CE55 /* Enums.h */ = {isa = PBXFileReference; fileEncoding = 4; lastKnownFileType = sourcecode.c.h; path = Enums.h; sourceTree = "<group>"; };
		FAA2912C1ED7404E00F8CE55 /* Layer.cpp */ = {isa = PBXFileReference; fileEncoding = 4; lastKnownFileType = sourcecode.cpp.cpp; path = Layer.cpp; sourceTree = "<group>"; };
		FAA2912D1ED7404E00F8CE55 /* Layer.h */ = {isa = PBXFileReference; fileEncoding = 4; lastKnownFileType = sourcecode.c.h; path = Layer.h; sourceTree = "<group>"; };
		FAA2912E1ED7404E00F8CE55 /* Section.cpp */ = {isa = PBXFileReference; fileEncoding = 4; lastKnownFileType = sourcecode.cpp.cpp; path = Section.cpp; sourceTree = "<group>"; };
		FAA2912F1ED7404E00F8CE55 /* Section.h */ = {isa = PBXFileReference; fileEncoding = 4; lastKnownFileType = sourcecode.c.h; path = Section.h; sourceTree = "<group>"; };
		FAA291301ED7404E00F8CE55 /* ConstantBuffer.h */ = {isa = PBXFileReference; fileEncoding = 4; lastKnownFileType = sourcecode.c.h; path = ConstantBuffer.h; sourceTree = "<group>"; };
		FAA291311ED7404E00F8CE55 /* CPUDetect.h */ = {isa = PBXFileReference; fileEncoding = 4; lastKnownFileType = sourcecode.c.h; path = CPUDetect.h; sourceTree = "<group>"; };
		FAA291331ED7404E00F8CE55 /* AES.cpp */ = {isa = PBXFileReference; fileEncoding = 4; lastKnownFileType = sourcecode.cpp.cpp; path = AES.cpp; sourceTree = "<group>"; };
		FAA291341ED7404E00F8CE55 /* AES.h */ = {isa = PBXFileReference; fileEncoding = 4; lastKnownFileType = sourcecode.c.h; path = AES.h; sourceTree = "<group>"; };
		FAA291351ED7404E00F8CE55 /* bn.cpp */ = {isa = PBXFileReference; fileEncoding = 4; lastKnownFileType = sourcecode.cpp.cpp; path = bn.cpp; sourceTree = "<group>"; };
		FAA291361ED7404E00F8CE55 /* bn.h */ = {isa = PBXFileReference; fileEncoding = 4; lastKnownFileType = sourcecode.c.h; path = bn.h; sourceTree = "<group>"; };
		FAA291371ED7404E00F8CE55 /* ec.cpp */ = {isa = PBXFileReference; fileEncoding = 4; lastKnownFileType = sourcecode.cpp.cpp; path = ec.cpp; sourceTree = "<group>"; };
		FAA291381ED7404E00F8CE55 /* ec.h */ = {isa = PBXFileReference; fileEncoding = 4; lastKnownFileType = sourcecode.c.h; path = ec.h; sourceTree = "<group>"; };
		FAA291391ED7404E00F8CE55 /* tools.h */ = {isa = PBXFileReference; fileEncoding = 4; lastKnownFileType = sourcecode.c.h; path = tools.h; sourceTree = "<group>"; };
		FAA2913A1ED7404E00F8CE55 /* DebugInterface.h */ = {isa = PBXFileReference; fileEncoding = 4; lastKnownFileType = sourcecode.c.h; path = DebugInterface.h; sourceTree = "<group>"; };
		FAA2913B1ED7404E00F8CE55 /* ENetUtil.cpp */ = {isa = PBXFileReference; fileEncoding = 4; lastKnownFileType = sourcecode.cpp.cpp; path = ENetUtil.cpp; sourceTree = "<group>"; };
		FAA2913C1ED7404E00F8CE55 /* ENetUtil.h */ = {isa = PBXFileReference; fileEncoding = 4; lastKnownFileType = sourcecode.c.h; path = ENetUtil.h; sourceTree = "<group>"; };
		FAA2913D1ED7404E00F8CE55 /* Event.h */ = {isa = PBXFileReference; fileEncoding = 4; lastKnownFileType = sourcecode.c.h; path = Event.h; sourceTree = "<group>"; };
		FAA2913E1ED7404E00F8CE55 /* FifoQueue.h */ = {isa = PBXFileReference; fileEncoding = 4; lastKnownFileType = sourcecode.c.h; path = FifoQueue.h; sourceTree = "<group>"; };
		FAA2913F1ED7404E00F8CE55 /* FileSearch.cpp */ = {isa = PBXFileReference; fileEncoding = 4; lastKnownFileType = sourcecode.cpp.cpp; path = FileSearch.cpp; sourceTree = "<group>"; };
		FAA291401ED7404E00F8CE55 /* FileSearch.h */ = {isa = PBXFileReference; fileEncoding = 4; lastKnownFileType = sourcecode.c.h; path = FileSearch.h; sourceTree = "<group>"; };
		FAA291411ED7404E00F8CE55 /* FileUtil.cpp */ = {isa = PBXFileReference; fileEncoding = 4; lastKnownFileType = sourcecode.cpp.cpp; path = FileUtil.cpp; sourceTree = "<group>"; };
		FAA291421ED7404E00F8CE55 /* FileUtil.h */ = {isa = PBXFileReference; fileEncoding = 4; lastKnownFileType = sourcecode.c.h; path = FileUtil.h; sourceTree = "<group>"; };
		FAA291431ED7404E00F8CE55 /* FixedSizeQueue.h */ = {isa = PBXFileReference; fileEncoding = 4; lastKnownFileType = sourcecode.c.h; path = FixedSizeQueue.h; sourceTree = "<group>"; };
		FAA291441ED7404E00F8CE55 /* Flag.h */ = {isa = PBXFileReference; fileEncoding = 4; lastKnownFileType = sourcecode.c.h; path = Flag.h; sourceTree = "<group>"; };
		FAA291451ED7404E00F8CE55 /* FPURoundMode.h */ = {isa = PBXFileReference; fileEncoding = 4; lastKnownFileType = sourcecode.c.h; path = FPURoundMode.h; sourceTree = "<group>"; };
		FAA291461ED7404E00F8CE55 /* GekkoDisassembler.cpp */ = {isa = PBXFileReference; fileEncoding = 4; lastKnownFileType = sourcecode.cpp.cpp; path = GekkoDisassembler.cpp; sourceTree = "<group>"; };
		FAA291471ED7404E00F8CE55 /* GekkoDisassembler.h */ = {isa = PBXFileReference; fileEncoding = 4; lastKnownFileType = sourcecode.c.h; path = GekkoDisassembler.h; sourceTree = "<group>"; };
		FAA2914C1ED7404E00F8CE55 /* AMD_pinned_memory.h */ = {isa = PBXFileReference; fileEncoding = 4; lastKnownFileType = sourcecode.c.h; path = AMD_pinned_memory.h; sourceTree = "<group>"; };
		FAA2914D1ED7404E00F8CE55 /* ARB_blend_func_extended.h */ = {isa = PBXFileReference; fileEncoding = 4; lastKnownFileType = sourcecode.c.h; path = ARB_blend_func_extended.h; sourceTree = "<group>"; };
		FAA2914E1ED7404E00F8CE55 /* ARB_buffer_storage.h */ = {isa = PBXFileReference; fileEncoding = 4; lastKnownFileType = sourcecode.c.h; path = ARB_buffer_storage.h; sourceTree = "<group>"; };
		FAA2914F1ED7404E00F8CE55 /* ARB_clip_control.h */ = {isa = PBXFileReference; fileEncoding = 4; lastKnownFileType = sourcecode.c.h; path = ARB_clip_control.h; sourceTree = "<group>"; };
		FAA291501ED7404E00F8CE55 /* ARB_compute_shader.h */ = {isa = PBXFileReference; fileEncoding = 4; lastKnownFileType = sourcecode.c.h; path = ARB_compute_shader.h; sourceTree = "<group>"; };
		FAA291511ED7404E00F8CE55 /* ARB_copy_image.h */ = {isa = PBXFileReference; fileEncoding = 4; lastKnownFileType = sourcecode.c.h; path = ARB_copy_image.h; sourceTree = "<group>"; };
		FAA291521ED7404E00F8CE55 /* ARB_debug_output.h */ = {isa = PBXFileReference; fileEncoding = 4; lastKnownFileType = sourcecode.c.h; path = ARB_debug_output.h; sourceTree = "<group>"; };
		FAA291531ED7404E00F8CE55 /* ARB_draw_elements_base_vertex.h */ = {isa = PBXFileReference; fileEncoding = 4; lastKnownFileType = sourcecode.c.h; path = ARB_draw_elements_base_vertex.h; sourceTree = "<group>"; };
		FAA291541ED7404E00F8CE55 /* ARB_ES2_compatibility.h */ = {isa = PBXFileReference; fileEncoding = 4; lastKnownFileType = sourcecode.c.h; path = ARB_ES2_compatibility.h; sourceTree = "<group>"; };
		FAA291551ED7404E00F8CE55 /* ARB_ES3_compatibility.h */ = {isa = PBXFileReference; fileEncoding = 4; lastKnownFileType = sourcecode.c.h; path = ARB_ES3_compatibility.h; sourceTree = "<group>"; };
		FAA291561ED7404E00F8CE55 /* ARB_framebuffer_object.h */ = {isa = PBXFileReference; fileEncoding = 4; lastKnownFileType = sourcecode.c.h; path = ARB_framebuffer_object.h; sourceTree = "<group>"; };
		FAA291571ED7404E00F8CE55 /* ARB_get_program_binary.h */ = {isa = PBXFileReference; fileEncoding = 4; lastKnownFileType = sourcecode.c.h; path = ARB_get_program_binary.h; sourceTree = "<group>"; };
		FAA291581ED7404E00F8CE55 /* ARB_map_buffer_range.h */ = {isa = PBXFileReference; fileEncoding = 4; lastKnownFileType = sourcecode.c.h; path = ARB_map_buffer_range.h; sourceTree = "<group>"; };
		FAA291591ED7404E00F8CE55 /* ARB_occlusion_query2.h */ = {isa = PBXFileReference; fileEncoding = 4; lastKnownFileType = sourcecode.c.h; path = ARB_occlusion_query2.h; sourceTree = "<group>"; };
		FAA2915A1ED7404E00F8CE55 /* ARB_sample_shading.h */ = {isa = PBXFileReference; fileEncoding = 4; lastKnownFileType = sourcecode.c.h; path = ARB_sample_shading.h; sourceTree = "<group>"; };
		FAA2915B1ED7404E00F8CE55 /* ARB_sampler_objects.h */ = {isa = PBXFileReference; fileEncoding = 4; lastKnownFileType = sourcecode.c.h; path = ARB_sampler_objects.h; sourceTree = "<group>"; };
		FAA2915C1ED7404E00F8CE55 /* ARB_shader_image_load_store.h */ = {isa = PBXFileReference; fileEncoding = 4; lastKnownFileType = sourcecode.c.h; path = ARB_shader_image_load_store.h; sourceTree = "<group>"; };
		FAA2915D1ED7404E00F8CE55 /* ARB_shader_storage_buffer_object.h */ = {isa = PBXFileReference; fileEncoding = 4; lastKnownFileType = sourcecode.c.h; path = ARB_shader_storage_buffer_object.h; sourceTree = "<group>"; };
		FAA2915E1ED7404E00F8CE55 /* ARB_sync.h */ = {isa = PBXFileReference; fileEncoding = 4; lastKnownFileType = sourcecode.c.h; path = ARB_sync.h; sourceTree = "<group>"; };
		FAA2915F1ED7404E00F8CE55 /* ARB_texture_multisample.h */ = {isa = PBXFileReference; fileEncoding = 4; lastKnownFileType = sourcecode.c.h; path = ARB_texture_multisample.h; sourceTree = "<group>"; };
		FAA291601ED7404E00F8CE55 /* ARB_texture_storage.h */ = {isa = PBXFileReference; fileEncoding = 4; lastKnownFileType = sourcecode.c.h; path = ARB_texture_storage.h; sourceTree = "<group>"; };
		FAA291611ED7404E00F8CE55 /* ARB_texture_storage_multisample.h */ = {isa = PBXFileReference; fileEncoding = 4; lastKnownFileType = sourcecode.c.h; path = ARB_texture_storage_multisample.h; sourceTree = "<group>"; };
		FAA291621ED7404E00F8CE55 /* ARB_uniform_buffer_object.h */ = {isa = PBXFileReference; fileEncoding = 4; lastKnownFileType = sourcecode.c.h; path = ARB_uniform_buffer_object.h; sourceTree = "<group>"; };
		FAA291631ED7404E00F8CE55 /* ARB_vertex_array_object.h */ = {isa = PBXFileReference; fileEncoding = 4; lastKnownFileType = sourcecode.c.h; path = ARB_vertex_array_object.h; sourceTree = "<group>"; };
		FAA291641ED7404E00F8CE55 /* ARB_viewport_array.h */ = {isa = PBXFileReference; fileEncoding = 4; lastKnownFileType = sourcecode.c.h; path = ARB_viewport_array.h; sourceTree = "<group>"; };
		FAA291651ED7404E00F8CE55 /* EXT_texture_compression_s3tc.h */ = {isa = PBXFileReference; fileEncoding = 4; lastKnownFileType = sourcecode.c.h; path = EXT_texture_compression_s3tc.h; sourceTree = "<group>"; };
		FAA291661ED7404E00F8CE55 /* EXT_texture_filter_anisotropic.h */ = {isa = PBXFileReference; fileEncoding = 4; lastKnownFileType = sourcecode.c.h; path = EXT_texture_filter_anisotropic.h; sourceTree = "<group>"; };
		FAA291671ED7404E00F8CE55 /* gl_1_1.h */ = {isa = PBXFileReference; fileEncoding = 4; lastKnownFileType = sourcecode.c.h; path = gl_1_1.h; sourceTree = "<group>"; };
		FAA291681ED7404E00F8CE55 /* gl_1_2.h */ = {isa = PBXFileReference; fileEncoding = 4; lastKnownFileType = sourcecode.c.h; path = gl_1_2.h; sourceTree = "<group>"; };
		FAA291691ED7404E00F8CE55 /* gl_1_3.h */ = {isa = PBXFileReference; fileEncoding = 4; lastKnownFileType = sourcecode.c.h; path = gl_1_3.h; sourceTree = "<group>"; };
		FAA2916A1ED7404E00F8CE55 /* gl_1_4.h */ = {isa = PBXFileReference; fileEncoding = 4; lastKnownFileType = sourcecode.c.h; path = gl_1_4.h; sourceTree = "<group>"; };
		FAA2916B1ED7404E00F8CE55 /* gl_1_5.h */ = {isa = PBXFileReference; fileEncoding = 4; lastKnownFileType = sourcecode.c.h; path = gl_1_5.h; sourceTree = "<group>"; };
		FAA2916C1ED7404E00F8CE55 /* gl_2_0.h */ = {isa = PBXFileReference; fileEncoding = 4; lastKnownFileType = sourcecode.c.h; path = gl_2_0.h; sourceTree = "<group>"; };
		FAA2916D1ED7404E00F8CE55 /* gl_2_1.h */ = {isa = PBXFileReference; fileEncoding = 4; lastKnownFileType = sourcecode.c.h; path = gl_2_1.h; sourceTree = "<group>"; };
		FAA2916E1ED7404E00F8CE55 /* gl_3_0.h */ = {isa = PBXFileReference; fileEncoding = 4; lastKnownFileType = sourcecode.c.h; path = gl_3_0.h; sourceTree = "<group>"; };
		FAA2916F1ED7404E00F8CE55 /* gl_3_1.h */ = {isa = PBXFileReference; fileEncoding = 4; lastKnownFileType = sourcecode.c.h; path = gl_3_1.h; sourceTree = "<group>"; };
		FAA291701ED7404E00F8CE55 /* gl_3_2.h */ = {isa = PBXFileReference; fileEncoding = 4; lastKnownFileType = sourcecode.c.h; path = gl_3_2.h; sourceTree = "<group>"; };
		FAA291711ED7404E00F8CE55 /* gl_4_2.h */ = {isa = PBXFileReference; fileEncoding = 4; lastKnownFileType = sourcecode.c.h; path = gl_4_2.h; sourceTree = "<group>"; };
		FAA291721ED7404E00F8CE55 /* gl_4_3.h */ = {isa = PBXFileReference; fileEncoding = 4; lastKnownFileType = sourcecode.c.h; path = gl_4_3.h; sourceTree = "<group>"; };
		FAA291731ED7404E00F8CE55 /* gl_4_4.h */ = {isa = PBXFileReference; fileEncoding = 4; lastKnownFileType = sourcecode.c.h; path = gl_4_4.h; sourceTree = "<group>"; };
		FAA291741ED7404E00F8CE55 /* gl_4_5.h */ = {isa = PBXFileReference; fileEncoding = 4; lastKnownFileType = sourcecode.c.h; path = gl_4_5.h; sourceTree = "<group>"; };
		FAA291751ED7404E00F8CE55 /* gl_common.h */ = {isa = PBXFileReference; fileEncoding = 4; lastKnownFileType = sourcecode.c.h; path = gl_common.h; sourceTree = "<group>"; };
		FAA291761ED7404E00F8CE55 /* GLExtensions.cpp */ = {isa = PBXFileReference; fileEncoding = 4; lastKnownFileType = sourcecode.cpp.cpp; path = GLExtensions.cpp; sourceTree = "<group>"; };
		FAA291771ED7404E00F8CE55 /* GLExtensions.h */ = {isa = PBXFileReference; fileEncoding = 4; lastKnownFileType = sourcecode.c.h; path = GLExtensions.h; sourceTree = "<group>"; };
		FAA291781ED7404E00F8CE55 /* HP_occlusion_test.h */ = {isa = PBXFileReference; fileEncoding = 4; lastKnownFileType = sourcecode.c.h; path = HP_occlusion_test.h; sourceTree = "<group>"; };
		FAA291791ED7404E00F8CE55 /* KHR_debug.h */ = {isa = PBXFileReference; fileEncoding = 4; lastKnownFileType = sourcecode.c.h; path = KHR_debug.h; sourceTree = "<group>"; };
		FAA2917A1ED7404E00F8CE55 /* NV_depth_buffer_float.h */ = {isa = PBXFileReference; fileEncoding = 4; lastKnownFileType = sourcecode.c.h; path = NV_depth_buffer_float.h; sourceTree = "<group>"; };
		FAA2917B1ED7404E00F8CE55 /* NV_occlusion_query_samples.h */ = {isa = PBXFileReference; fileEncoding = 4; lastKnownFileType = sourcecode.c.h; path = NV_occlusion_query_samples.h; sourceTree = "<group>"; };
		FAA2917C1ED7404E00F8CE55 /* NV_primitive_restart.h */ = {isa = PBXFileReference; fileEncoding = 4; lastKnownFileType = sourcecode.c.h; path = NV_primitive_restart.h; sourceTree = "<group>"; };
		FAA2917E1ED7404E00F8CE55 /* AGL.h */ = {isa = PBXFileReference; fileEncoding = 4; lastKnownFileType = sourcecode.c.h; path = AGL.h; sourceTree = "<group>"; };
		FAA2917F1ED7404E00F8CE55 /* AGL.mm */ = {isa = PBXFileReference; fileEncoding = 4; lastKnownFileType = sourcecode.cpp.objcpp; path = AGL.mm; sourceTree = "<group>"; };
		FAA2918A1ED7404E00F8CE55 /* GLInterface.cpp */ = {isa = PBXFileReference; fileEncoding = 4; lastKnownFileType = sourcecode.cpp.cpp; path = GLInterface.cpp; sourceTree = "<group>"; };
		FAA2918C1ED7404E00F8CE55 /* GLX.h */ = {isa = PBXFileReference; fileEncoding = 4; lastKnownFileType = sourcecode.c.h; path = GLX.h; sourceTree = "<group>"; };
		FAA2918E1ED7404E00F8CE55 /* WGL.h */ = {isa = PBXFileReference; fileEncoding = 4; lastKnownFileType = sourcecode.c.h; path = WGL.h; sourceTree = "<group>"; };
		FAA291901ED7404E00F8CE55 /* X11_Util.h */ = {isa = PBXFileReference; fileEncoding = 4; lastKnownFileType = sourcecode.c.h; path = X11_Util.h; sourceTree = "<group>"; };
		FAA291911ED7404E00F8CE55 /* GLInterfaceBase.h */ = {isa = PBXFileReference; fileEncoding = 4; lastKnownFileType = sourcecode.c.h; path = GLInterfaceBase.h; sourceTree = "<group>"; };
		FAA291921ED7404E00F8CE55 /* GLUtil.cpp */ = {isa = PBXFileReference; fileEncoding = 4; lastKnownFileType = sourcecode.cpp.cpp; path = GLUtil.cpp; sourceTree = "<group>"; };
		FAA291931ED7404E00F8CE55 /* GLUtil.h */ = {isa = PBXFileReference; fileEncoding = 4; lastKnownFileType = sourcecode.c.h; path = GLUtil.h; sourceTree = "<group>"; };
		FAA291941ED7404E00F8CE55 /* Hash.cpp */ = {isa = PBXFileReference; fileEncoding = 4; lastKnownFileType = sourcecode.cpp.cpp; path = Hash.cpp; sourceTree = "<group>"; };
		FAA291951ED7404E00F8CE55 /* Hash.h */ = {isa = PBXFileReference; fileEncoding = 4; lastKnownFileType = sourcecode.c.h; path = Hash.h; sourceTree = "<group>"; };
		FAA291961ED7404E00F8CE55 /* IniFile.cpp */ = {isa = PBXFileReference; fileEncoding = 4; lastKnownFileType = sourcecode.cpp.cpp; path = IniFile.cpp; sourceTree = "<group>"; };
		FAA291971ED7404E00F8CE55 /* IniFile.h */ = {isa = PBXFileReference; fileEncoding = 4; lastKnownFileType = sourcecode.c.h; path = IniFile.h; sourceTree = "<group>"; };
		FAA291981ED7404E00F8CE55 /* Intrinsics.h */ = {isa = PBXFileReference; fileEncoding = 4; lastKnownFileType = sourcecode.c.h; path = Intrinsics.h; sourceTree = "<group>"; };
		FAA291991ED7404E00F8CE55 /* JitRegister.cpp */ = {isa = PBXFileReference; fileEncoding = 4; lastKnownFileType = sourcecode.cpp.cpp; path = JitRegister.cpp; sourceTree = "<group>"; };
		FAA2919A1ED7404E00F8CE55 /* JitRegister.h */ = {isa = PBXFileReference; fileEncoding = 4; lastKnownFileType = sourcecode.c.h; path = JitRegister.h; sourceTree = "<group>"; };
		FAA2919B1ED7404E00F8CE55 /* LinearDiskCache.h */ = {isa = PBXFileReference; fileEncoding = 4; lastKnownFileType = sourcecode.c.h; path = LinearDiskCache.h; sourceTree = "<group>"; };
		FAA2919D1ED7404E00F8CE55 /* ConsoleListener.h */ = {isa = PBXFileReference; fileEncoding = 4; lastKnownFileType = sourcecode.c.h; path = ConsoleListener.h; sourceTree = "<group>"; };
		FAA2919F1ED7404E00F8CE55 /* ConsoleListenerNix.cpp */ = {isa = PBXFileReference; fileEncoding = 4; lastKnownFileType = sourcecode.cpp.cpp; path = ConsoleListenerNix.cpp; sourceTree = "<group>"; };
		FAA291A11ED7404E00F8CE55 /* Log.h */ = {isa = PBXFileReference; fileEncoding = 4; lastKnownFileType = sourcecode.c.h; path = Log.h; sourceTree = "<group>"; };
		FAA291A21ED7404E00F8CE55 /* LogManager.cpp */ = {isa = PBXFileReference; fileEncoding = 4; lastKnownFileType = sourcecode.cpp.cpp; path = LogManager.cpp; sourceTree = "<group>"; };
		FAA291A31ED7404E00F8CE55 /* LogManager.h */ = {isa = PBXFileReference; fileEncoding = 4; lastKnownFileType = sourcecode.c.h; path = LogManager.h; sourceTree = "<group>"; };
		FAA291A51ED7404E00F8CE55 /* MathUtil.cpp */ = {isa = PBXFileReference; fileEncoding = 4; lastKnownFileType = sourcecode.cpp.cpp; path = MathUtil.cpp; sourceTree = "<group>"; };
		FAA291A61ED7404E00F8CE55 /* MathUtil.h */ = {isa = PBXFileReference; fileEncoding = 4; lastKnownFileType = sourcecode.c.h; path = MathUtil.h; sourceTree = "<group>"; };
		FAA291A91ED7404E00F8CE55 /* MemArena.cpp */ = {isa = PBXFileReference; fileEncoding = 4; lastKnownFileType = sourcecode.cpp.cpp; path = MemArena.cpp; sourceTree = "<group>"; };
		FAA291AA1ED7404E00F8CE55 /* MemArena.h */ = {isa = PBXFileReference; fileEncoding = 4; lastKnownFileType = sourcecode.c.h; path = MemArena.h; sourceTree = "<group>"; };
		FAA291AB1ED7404E00F8CE55 /* MemoryUtil.cpp */ = {isa = PBXFileReference; fileEncoding = 4; lastKnownFileType = sourcecode.cpp.cpp; path = MemoryUtil.cpp; sourceTree = "<group>"; };
		FAA291AC1ED7404E00F8CE55 /* MemoryUtil.h */ = {isa = PBXFileReference; fileEncoding = 4; lastKnownFileType = sourcecode.c.h; path = MemoryUtil.h; sourceTree = "<group>"; };
		FAA291AD1ED7404E00F8CE55 /* MsgHandler.cpp */ = {isa = PBXFileReference; fileEncoding = 4; lastKnownFileType = sourcecode.cpp.cpp; path = MsgHandler.cpp; sourceTree = "<group>"; };
		FAA291AE1ED7404E00F8CE55 /* MsgHandler.h */ = {isa = PBXFileReference; fileEncoding = 4; lastKnownFileType = sourcecode.c.h; path = MsgHandler.h; sourceTree = "<group>"; };
		FAA291AF1ED7404E00F8CE55 /* NandPaths.cpp */ = {isa = PBXFileReference; fileEncoding = 4; lastKnownFileType = sourcecode.cpp.cpp; path = NandPaths.cpp; sourceTree = "<group>"; };
		FAA291B01ED7404E00F8CE55 /* NandPaths.h */ = {isa = PBXFileReference; fileEncoding = 4; lastKnownFileType = sourcecode.c.h; path = NandPaths.h; sourceTree = "<group>"; };
		FAA291B11ED7404E00F8CE55 /* Network.cpp */ = {isa = PBXFileReference; fileEncoding = 4; lastKnownFileType = sourcecode.cpp.cpp; path = Network.cpp; sourceTree = "<group>"; };
		FAA291B21ED7404E00F8CE55 /* Network.h */ = {isa = PBXFileReference; fileEncoding = 4; lastKnownFileType = sourcecode.c.h; path = Network.h; sourceTree = "<group>"; };
		FAA291B31ED7404E00F8CE55 /* NonCopyable.h */ = {isa = PBXFileReference; fileEncoding = 4; lastKnownFileType = sourcecode.c.h; path = NonCopyable.h; sourceTree = "<group>"; };
		FAA291B41ED7404E00F8CE55 /* PcapFile.cpp */ = {isa = PBXFileReference; fileEncoding = 4; lastKnownFileType = sourcecode.cpp.cpp; path = PcapFile.cpp; sourceTree = "<group>"; };
		FAA291B51ED7404E00F8CE55 /* PcapFile.h */ = {isa = PBXFileReference; fileEncoding = 4; lastKnownFileType = sourcecode.c.h; path = PcapFile.h; sourceTree = "<group>"; };
		FAA291B61ED7404E00F8CE55 /* PerformanceCounter.cpp */ = {isa = PBXFileReference; fileEncoding = 4; lastKnownFileType = sourcecode.cpp.cpp; path = PerformanceCounter.cpp; sourceTree = "<group>"; };
		FAA291B71ED7404E00F8CE55 /* PerformanceCounter.h */ = {isa = PBXFileReference; fileEncoding = 4; lastKnownFileType = sourcecode.c.h; path = PerformanceCounter.h; sourceTree = "<group>"; };
		FAA291B81ED7404E00F8CE55 /* Profiler.cpp */ = {isa = PBXFileReference; fileEncoding = 4; lastKnownFileType = sourcecode.cpp.cpp; path = Profiler.cpp; sourceTree = "<group>"; };
		FAA291B91ED7404E00F8CE55 /* Profiler.h */ = {isa = PBXFileReference; fileEncoding = 4; lastKnownFileType = sourcecode.c.h; path = Profiler.h; sourceTree = "<group>"; };
		FAA291BC1ED7404E00F8CE55 /* ScopeGuard.h */ = {isa = PBXFileReference; fileEncoding = 4; lastKnownFileType = sourcecode.c.h; path = ScopeGuard.h; sourceTree = "<group>"; };
		FAA291BD1ED7404E00F8CE55 /* SDCardUtil.cpp */ = {isa = PBXFileReference; fileEncoding = 4; lastKnownFileType = sourcecode.cpp.cpp; path = SDCardUtil.cpp; sourceTree = "<group>"; };
		FAA291BE1ED7404E00F8CE55 /* SDCardUtil.h */ = {isa = PBXFileReference; fileEncoding = 4; lastKnownFileType = sourcecode.c.h; path = SDCardUtil.h; sourceTree = "<group>"; };
		FAA291BF1ED7404E00F8CE55 /* Semaphore.h */ = {isa = PBXFileReference; fileEncoding = 4; lastKnownFileType = sourcecode.c.h; path = Semaphore.h; sourceTree = "<group>"; };
		FAA291C01ED7404E00F8CE55 /* SettingsHandler.cpp */ = {isa = PBXFileReference; fileEncoding = 4; lastKnownFileType = sourcecode.cpp.cpp; path = SettingsHandler.cpp; sourceTree = "<group>"; };
		FAA291C11ED7404E00F8CE55 /* SettingsHandler.h */ = {isa = PBXFileReference; fileEncoding = 4; lastKnownFileType = sourcecode.c.h; path = SettingsHandler.h; sourceTree = "<group>"; };
		FAA291C21ED7404E00F8CE55 /* StringUtil.cpp */ = {isa = PBXFileReference; fileEncoding = 4; lastKnownFileType = sourcecode.cpp.cpp; path = StringUtil.cpp; sourceTree = "<group>"; };
		FAA291C31ED7404E00F8CE55 /* StringUtil.h */ = {isa = PBXFileReference; fileEncoding = 4; lastKnownFileType = sourcecode.c.h; path = StringUtil.h; sourceTree = "<group>"; };
		FAA291C41ED7404E00F8CE55 /* Swap.h */ = {isa = PBXFileReference; fileEncoding = 4; lastKnownFileType = sourcecode.c.h; path = Swap.h; sourceTree = "<group>"; };
		FAA291C51ED7404E00F8CE55 /* SymbolDB.cpp */ = {isa = PBXFileReference; fileEncoding = 4; lastKnownFileType = sourcecode.cpp.cpp; path = SymbolDB.cpp; sourceTree = "<group>"; };
		FAA291C61ED7404E00F8CE55 /* SymbolDB.h */ = {isa = PBXFileReference; fileEncoding = 4; lastKnownFileType = sourcecode.c.h; path = SymbolDB.h; sourceTree = "<group>"; };
		FAA291C71ED7404E00F8CE55 /* SysConf.cpp */ = {isa = PBXFileReference; fileEncoding = 4; lastKnownFileType = sourcecode.cpp.cpp; path = SysConf.cpp; sourceTree = "<group>"; };
		FAA291C81ED7404E00F8CE55 /* SysConf.h */ = {isa = PBXFileReference; fileEncoding = 4; lastKnownFileType = sourcecode.c.h; path = SysConf.h; sourceTree = "<group>"; };
		FAA291C91ED7404E00F8CE55 /* Thread.cpp */ = {isa = PBXFileReference; fileEncoding = 4; lastKnownFileType = sourcecode.cpp.cpp; path = Thread.cpp; sourceTree = "<group>"; };
		FAA291CA1ED7404E00F8CE55 /* Thread.h */ = {isa = PBXFileReference; fileEncoding = 4; lastKnownFileType = sourcecode.c.h; path = Thread.h; sourceTree = "<group>"; };
		FAA291CD1ED7404E00F8CE55 /* Timer.cpp */ = {isa = PBXFileReference; fileEncoding = 4; lastKnownFileType = sourcecode.cpp.cpp; path = Timer.cpp; sourceTree = "<group>"; };
		FAA291CE1ED7404E00F8CE55 /* Timer.h */ = {isa = PBXFileReference; fileEncoding = 4; lastKnownFileType = sourcecode.c.h; path = Timer.h; sourceTree = "<group>"; };
		FAA291CF1ED7404E00F8CE55 /* TraversalClient.cpp */ = {isa = PBXFileReference; fileEncoding = 4; lastKnownFileType = sourcecode.cpp.cpp; path = TraversalClient.cpp; sourceTree = "<group>"; };
		FAA291D01ED7404E00F8CE55 /* TraversalClient.h */ = {isa = PBXFileReference; fileEncoding = 4; lastKnownFileType = sourcecode.c.h; path = TraversalClient.h; sourceTree = "<group>"; };
		FAA291D11ED7404E00F8CE55 /* TraversalProto.h */ = {isa = PBXFileReference; fileEncoding = 4; lastKnownFileType = sourcecode.c.h; path = TraversalProto.h; sourceTree = "<group>"; };
		FAA291D21ED7404E00F8CE55 /* TraversalServer.cpp */ = {isa = PBXFileReference; fileEncoding = 4; lastKnownFileType = sourcecode.cpp.cpp; path = TraversalServer.cpp; sourceTree = "<group>"; };
		FAA291D31ED7404E00F8CE55 /* ucrtFreadWorkaround.cpp */ = {isa = PBXFileReference; fileEncoding = 4; lastKnownFileType = sourcecode.cpp.cpp; path = ucrtFreadWorkaround.cpp; sourceTree = "<group>"; };
		FAA291D41ED7404E00F8CE55 /* Version.cpp */ = {isa = PBXFileReference; fileEncoding = 4; lastKnownFileType = sourcecode.cpp.cpp; path = Version.cpp; sourceTree = "<group>"; };
		FAA291D71ED7404E00F8CE55 /* SCMRevGen.log */ = {isa = PBXFileReference; fileEncoding = 4; lastKnownFileType = text; path = SCMRevGen.log; sourceTree = "<group>"; };
		FAA291D81ED7404E00F8CE55 /* x64ABI.cpp */ = {isa = PBXFileReference; fileEncoding = 4; lastKnownFileType = sourcecode.cpp.cpp; path = x64ABI.cpp; sourceTree = "<group>"; };
		FAA291D91ED7404E00F8CE55 /* x64ABI.h */ = {isa = PBXFileReference; fileEncoding = 4; lastKnownFileType = sourcecode.c.h; path = x64ABI.h; sourceTree = "<group>"; };
		FAA291DA1ED7404E00F8CE55 /* x64CPUDetect.cpp */ = {isa = PBXFileReference; fileEncoding = 4; lastKnownFileType = sourcecode.cpp.cpp; path = x64CPUDetect.cpp; sourceTree = "<group>"; };
		FAA291DB1ED7404E00F8CE55 /* x64Emitter.cpp */ = {isa = PBXFileReference; fileEncoding = 4; lastKnownFileType = sourcecode.cpp.cpp; path = x64Emitter.cpp; sourceTree = "<group>"; };
		FAA291DC1ED7404E00F8CE55 /* x64Emitter.h */ = {isa = PBXFileReference; fileEncoding = 4; lastKnownFileType = sourcecode.c.h; path = x64Emitter.h; sourceTree = "<group>"; };
		FAA291DD1ED7404E00F8CE55 /* x64FPURoundMode.cpp */ = {isa = PBXFileReference; fileEncoding = 4; lastKnownFileType = sourcecode.cpp.cpp; path = x64FPURoundMode.cpp; sourceTree = "<group>"; };
		FAA291DE1ED7404E00F8CE55 /* x64Reg.h */ = {isa = PBXFileReference; fileEncoding = 4; lastKnownFileType = sourcecode.c.h; path = x64Reg.h; sourceTree = "<group>"; };
		FAA292A61ED742E100F8CE55 /* MD5.cpp */ = {isa = PBXFileReference; fileEncoding = 4; lastKnownFileType = sourcecode.cpp.cpp; path = MD5.cpp; sourceTree = "<group>"; };
		FAA292A71ED742E100F8CE55 /* MD5.h */ = {isa = PBXFileReference; fileEncoding = 4; lastKnownFileType = sourcecode.c.h; path = MD5.h; sourceTree = "<group>"; };
		FAA292AE1ED7435800F8CE55 /* traversal_server */ = {isa = PBXFileReference; explicitFileType = "compiled.mach-o.executable"; includeInIndex = 0; path = traversal_server; sourceTree = BUILT_PRODUCTS_DIR; };
		FAA292B71ED7444C00F8CE55 /* enet.xcodeproj */ = {isa = PBXFileReference; lastKnownFileType = "wrapper.pb-project"; name = enet.xcodeproj; path = ../../../Externals/enet/enet.xcodeproj; sourceTree = "<group>"; };
		FAA292C11ED74A4400F8CE55 /* scmrev.h */ = {isa = PBXFileReference; fileEncoding = 4; lastKnownFileType = sourcecode.c.h; name = scmrev.h; path = ../../../build/Source/Core/Common/scmrev.h; sourceTree = "<group>"; };
		FAA292DE1ED76D7A00F8CE55 /* mbedtls.xcodeproj */ = {isa = PBXFileReference; lastKnownFileType = "wrapper.pb-project"; name = mbedtls.xcodeproj; path = ../../../Externals/mbedtls/mbedtls.xcodeproj; sourceTree = "<group>"; };
/* End PBXFileReference section */

/* Begin PBXFrameworksBuildPhase section */
		FAA28A5F1ED50B6300F8CE55 /* Frameworks */ = {
			isa = PBXFrameworksBuildPhase;
			buildActionMask = 2147483647;
			files = (
				FAA292EA1ED76DA600F8CE55 /* libmbedcrypto.a in Frameworks */,
				FAA292BD1ED7445100F8CE55 /* libenet.a in Frameworks */,
			);
			runOnlyForDeploymentPostprocessing = 0;
		};
		FAA292AB1ED7435800F8CE55 /* Frameworks */ = {
			isa = PBXFrameworksBuildPhase;
			buildActionMask = 2147483647;
			files = (
			);
			runOnlyForDeploymentPostprocessing = 0;
		};
/* End PBXFrameworksBuildPhase section */

/* Begin PBXGroup section */
		FAA28A591ED50B6300F8CE55 = {
			isa = PBXGroup;
			children = (
				FAA292C11ED74A4400F8CE55 /* scmrev.h */,
				FAA292A61ED742E100F8CE55 /* MD5.cpp */,
				FAA292A71ED742E100F8CE55 /* MD5.h */,
				FAA291081ED7404E00F8CE55 /* Align.h */,
				FAA291091ED7404E00F8CE55 /* AllocationMap.h */,
				FAA2910A1ED7404E00F8CE55 /* Analytics.cpp */,
				FAA2910B1ED7404E00F8CE55 /* Analytics.h */,
				FAA291101ED7404E00F8CE55 /* Assert.h */,
				FAA291111ED7404E00F8CE55 /* Atomic_GCC.h */,
				FAA291121ED7404E00F8CE55 /* Atomic_Win32.h */,
				FAA291131ED7404E00F8CE55 /* Atomic.h */,
				FAA291141ED7404E00F8CE55 /* BitField.h */,
				FAA291151ED7404E00F8CE55 /* BitField.natvis */,
				FAA291161ED7404E00F8CE55 /* BitHelpers.h */,
				FAA291171ED7404E00F8CE55 /* BitSet.h */,
				FAA291181ED7404E00F8CE55 /* BitUtils.h */,
				FAA291191ED7404E00F8CE55 /* BlockingLoop.h */,
				FAA2911A1ED7404E00F8CE55 /* CDUtils.cpp */,
				FAA2911B1ED7404E00F8CE55 /* CDUtils.h */,
				FAA2911C1ED7404E00F8CE55 /* ChunkFile.h */,
				FAA2911D1ED7404E00F8CE55 /* CMakeLists.txt */,
				FAA2911E1ED7404E00F8CE55 /* CodeBlock.h */,
				FAA2911F1ED7404E00F8CE55 /* ColorUtil.cpp */,
				FAA291201ED7404E00F8CE55 /* ColorUtil.h */,
				FAA291211ED7404E00F8CE55 /* Common.h */,
				FAA291241ED7404E00F8CE55 /* CommonFuncs.cpp */,
				FAA291251ED7404E00F8CE55 /* CommonFuncs.h */,
				FAA291261ED7404E00F8CE55 /* CommonPaths.h */,
				FAA291271ED7404E00F8CE55 /* CommonTypes.h */,
				FAA291281ED7404E00F8CE55 /* Config */,
				FAA291301ED7404E00F8CE55 /* ConstantBuffer.h */,
				FAA291311ED7404E00F8CE55 /* CPUDetect.h */,
				FAA291321ED7404E00F8CE55 /* Crypto */,
				FAA2913A1ED7404E00F8CE55 /* DebugInterface.h */,
				FAA2913B1ED7404E00F8CE55 /* ENetUtil.cpp */,
				FAA2913C1ED7404E00F8CE55 /* ENetUtil.h */,
				FAA2913D1ED7404E00F8CE55 /* Event.h */,
				FAA2913E1ED7404E00F8CE55 /* FifoQueue.h */,
				FAA2913F1ED7404E00F8CE55 /* FileSearch.cpp */,
				FAA291401ED7404E00F8CE55 /* FileSearch.h */,
				FAA291411ED7404E00F8CE55 /* FileUtil.cpp */,
				FAA291421ED7404E00F8CE55 /* FileUtil.h */,
				FAA291431ED7404E00F8CE55 /* FixedSizeQueue.h */,
				FAA291441ED7404E00F8CE55 /* Flag.h */,
				FAA291451ED7404E00F8CE55 /* FPURoundMode.h */,
				FAA291461ED7404E00F8CE55 /* GekkoDisassembler.cpp */,
				FAA291471ED7404E00F8CE55 /* GekkoDisassembler.h */,
				FAA2914A1ED7404E00F8CE55 /* GL */,
				FAA291941ED7404E00F8CE55 /* Hash.cpp */,
				FAA291951ED7404E00F8CE55 /* Hash.h */,
				FAA291961ED7404E00F8CE55 /* IniFile.cpp */,
				FAA291971ED7404E00F8CE55 /* IniFile.h */,
				FAA291981ED7404E00F8CE55 /* Intrinsics.h */,
				FAA291991ED7404E00F8CE55 /* JitRegister.cpp */,
				FAA2919A1ED7404E00F8CE55 /* JitRegister.h */,
				FAA2919B1ED7404E00F8CE55 /* LinearDiskCache.h */,
				FAA2919C1ED7404E00F8CE55 /* Logging */,
				FAA291A51ED7404E00F8CE55 /* MathUtil.cpp */,
				FAA291A61ED7404E00F8CE55 /* MathUtil.h */,
				FAA291A91ED7404E00F8CE55 /* MemArena.cpp */,
				FAA291AA1ED7404E00F8CE55 /* MemArena.h */,
				FAA291AB1ED7404E00F8CE55 /* MemoryUtil.cpp */,
				FAA291AC1ED7404E00F8CE55 /* MemoryUtil.h */,
				FAA291AD1ED7404E00F8CE55 /* MsgHandler.cpp */,
				FAA291AE1ED7404E00F8CE55 /* MsgHandler.h */,
				FAA291AF1ED7404E00F8CE55 /* NandPaths.cpp */,
				FAA291B01ED7404E00F8CE55 /* NandPaths.h */,
				FAA291B11ED7404E00F8CE55 /* Network.cpp */,
				FAA291B21ED7404E00F8CE55 /* Network.h */,
				FAA291B31ED7404E00F8CE55 /* NonCopyable.h */,
				FAA291B41ED7404E00F8CE55 /* PcapFile.cpp */,
				FAA291B51ED7404E00F8CE55 /* PcapFile.h */,
				FAA291B61ED7404E00F8CE55 /* PerformanceCounter.cpp */,
				FAA291B71ED7404E00F8CE55 /* PerformanceCounter.h */,
				FAA291B81ED7404E00F8CE55 /* Profiler.cpp */,
				FAA291B91ED7404E00F8CE55 /* Profiler.h */,
				FAA291BC1ED7404E00F8CE55 /* ScopeGuard.h */,
				FAA291BD1ED7404E00F8CE55 /* SDCardUtil.cpp */,
				FAA291BE1ED7404E00F8CE55 /* SDCardUtil.h */,
				FAA291BF1ED7404E00F8CE55 /* Semaphore.h */,
				FAA291C01ED7404E00F8CE55 /* SettingsHandler.cpp */,
				FAA291C11ED7404E00F8CE55 /* SettingsHandler.h */,
				FAA291C21ED7404E00F8CE55 /* StringUtil.cpp */,
				FAA291C31ED7404E00F8CE55 /* StringUtil.h */,
				FAA291C41ED7404E00F8CE55 /* Swap.h */,
				FAA291C51ED7404E00F8CE55 /* SymbolDB.cpp */,
				FAA291C61ED7404E00F8CE55 /* SymbolDB.h */,
				FAA291C71ED7404E00F8CE55 /* SysConf.cpp */,
				FAA291C81ED7404E00F8CE55 /* SysConf.h */,
				FAA291C91ED7404E00F8CE55 /* Thread.cpp */,
				FAA291CA1ED7404E00F8CE55 /* Thread.h */,
				FAA291CD1ED7404E00F8CE55 /* Timer.cpp */,
				FAA291CE1ED7404E00F8CE55 /* Timer.h */,
				FAA291CF1ED7404E00F8CE55 /* TraversalClient.cpp */,
				FAA291D01ED7404E00F8CE55 /* TraversalClient.h */,
				FAA291D11ED7404E00F8CE55 /* TraversalProto.h */,
				FAA291D21ED7404E00F8CE55 /* TraversalServer.cpp */,
				FAA291D31ED7404E00F8CE55 /* ucrtFreadWorkaround.cpp */,
				FAA291D41ED7404E00F8CE55 /* Version.cpp */,
				FAA291D51ED7404E00F8CE55 /* x64 */,
				FAA291D81ED7404E00F8CE55 /* x64ABI.cpp */,
				FAA291D91ED7404E00F8CE55 /* x64ABI.h */,
				FAA291DA1ED7404E00F8CE55 /* x64CPUDetect.cpp */,
				FAA291DB1ED7404E00F8CE55 /* x64Emitter.cpp */,
				FAA291DC1ED7404E00F8CE55 /* x64Emitter.h */,
				FAA291DD1ED7404E00F8CE55 /* x64FPURoundMode.cpp */,
				FAA291DE1ED7404E00F8CE55 /* x64Reg.h */,
				FAA28A631ED50B6300F8CE55 /* Products */,
				FAA292B61ED7444C00F8CE55 /* Frameworks */,
			);
			sourceTree = "<group>";
		};
		FAA28A631ED50B6300F8CE55 /* Products */ = {
			isa = PBXGroup;
			children = (
				FAA28A621ED50B6300F8CE55 /* libcommon.a */,
				FAA292AE1ED7435800F8CE55 /* traversal_server */,
			);
			name = Products;
			sourceTree = "<group>";
		};
		FAA291281ED7404E00F8CE55 /* Config */ = {
			isa = PBXGroup;
			children = (
				FAA291291ED7404E00F8CE55 /* Config.cpp */,
				FAA2912A1ED7404E00F8CE55 /* Config.h */,
				FAA2912B1ED7404E00F8CE55 /* Enums.h */,
				FAA2912C1ED7404E00F8CE55 /* Layer.cpp */,
				FAA2912D1ED7404E00F8CE55 /* Layer.h */,
				FAA2912E1ED7404E00F8CE55 /* Section.cpp */,
				FAA2912F1ED7404E00F8CE55 /* Section.h */,
			);
			path = Config;
			sourceTree = "<group>";
		};
		FAA291321ED7404E00F8CE55 /* Crypto */ = {
			isa = PBXGroup;
			children = (
				FAA291331ED7404E00F8CE55 /* AES.cpp */,
				FAA291341ED7404E00F8CE55 /* AES.h */,
				FAA291351ED7404E00F8CE55 /* bn.cpp */,
				FAA291361ED7404E00F8CE55 /* bn.h */,
				FAA291371ED7404E00F8CE55 /* ec.cpp */,
				FAA291381ED7404E00F8CE55 /* ec.h */,
				FAA291391ED7404E00F8CE55 /* tools.h */,
			);
			path = Crypto;
			sourceTree = "<group>";
		};
		FAA2914A1ED7404E00F8CE55 /* GL */ = {
			isa = PBXGroup;
			children = (
				FAA2914B1ED7404E00F8CE55 /* GLExtensions */,
				FAA2917D1ED7404E00F8CE55 /* GLInterface */,
				FAA291911ED7404E00F8CE55 /* GLInterfaceBase.h */,
				FAA291921ED7404E00F8CE55 /* GLUtil.cpp */,
				FAA291931ED7404E00F8CE55 /* GLUtil.h */,
			);
			path = GL;
			sourceTree = "<group>";
		};
		FAA2914B1ED7404E00F8CE55 /* GLExtensions */ = {
			isa = PBXGroup;
			children = (
				FAA2914C1ED7404E00F8CE55 /* AMD_pinned_memory.h */,
				FAA2914D1ED7404E00F8CE55 /* ARB_blend_func_extended.h */,
				FAA2914E1ED7404E00F8CE55 /* ARB_buffer_storage.h */,
				FAA2914F1ED7404E00F8CE55 /* ARB_clip_control.h */,
				FAA291501ED7404E00F8CE55 /* ARB_compute_shader.h */,
				FAA291511ED7404E00F8CE55 /* ARB_copy_image.h */,
				FAA291521ED7404E00F8CE55 /* ARB_debug_output.h */,
				FAA291531ED7404E00F8CE55 /* ARB_draw_elements_base_vertex.h */,
				FAA291541ED7404E00F8CE55 /* ARB_ES2_compatibility.h */,
				FAA291551ED7404E00F8CE55 /* ARB_ES3_compatibility.h */,
				FAA291561ED7404E00F8CE55 /* ARB_framebuffer_object.h */,
				FAA291571ED7404E00F8CE55 /* ARB_get_program_binary.h */,
				FAA291581ED7404E00F8CE55 /* ARB_map_buffer_range.h */,
				FAA291591ED7404E00F8CE55 /* ARB_occlusion_query2.h */,
				FAA2915A1ED7404E00F8CE55 /* ARB_sample_shading.h */,
				FAA2915B1ED7404E00F8CE55 /* ARB_sampler_objects.h */,
				FAA2915C1ED7404E00F8CE55 /* ARB_shader_image_load_store.h */,
				FAA2915D1ED7404E00F8CE55 /* ARB_shader_storage_buffer_object.h */,
				FAA2915E1ED7404E00F8CE55 /* ARB_sync.h */,
				FAA2915F1ED7404E00F8CE55 /* ARB_texture_multisample.h */,
				FAA291601ED7404E00F8CE55 /* ARB_texture_storage.h */,
				FAA291611ED7404E00F8CE55 /* ARB_texture_storage_multisample.h */,
				FAA291621ED7404E00F8CE55 /* ARB_uniform_buffer_object.h */,
				FAA291631ED7404E00F8CE55 /* ARB_vertex_array_object.h */,
				FAA291641ED7404E00F8CE55 /* ARB_viewport_array.h */,
				FAA291651ED7404E00F8CE55 /* EXT_texture_compression_s3tc.h */,
				FAA291661ED7404E00F8CE55 /* EXT_texture_filter_anisotropic.h */,
				FAA291671ED7404E00F8CE55 /* gl_1_1.h */,
				FAA291681ED7404E00F8CE55 /* gl_1_2.h */,
				FAA291691ED7404E00F8CE55 /* gl_1_3.h */,
				FAA2916A1ED7404E00F8CE55 /* gl_1_4.h */,
				FAA2916B1ED7404E00F8CE55 /* gl_1_5.h */,
				FAA2916C1ED7404E00F8CE55 /* gl_2_0.h */,
				FAA2916D1ED7404E00F8CE55 /* gl_2_1.h */,
				FAA2916E1ED7404E00F8CE55 /* gl_3_0.h */,
				FAA2916F1ED7404E00F8CE55 /* gl_3_1.h */,
				FAA291701ED7404E00F8CE55 /* gl_3_2.h */,
				FAA291711ED7404E00F8CE55 /* gl_4_2.h */,
				FAA291721ED7404E00F8CE55 /* gl_4_3.h */,
				FAA291731ED7404E00F8CE55 /* gl_4_4.h */,
				FAA291741ED7404E00F8CE55 /* gl_4_5.h */,
				FAA291751ED7404E00F8CE55 /* gl_common.h */,
				FAA291761ED7404E00F8CE55 /* GLExtensions.cpp */,
				FAA291771ED7404E00F8CE55 /* GLExtensions.h */,
				FAA291781ED7404E00F8CE55 /* HP_occlusion_test.h */,
				FAA291791ED7404E00F8CE55 /* KHR_debug.h */,
				FAA2917A1ED7404E00F8CE55 /* NV_depth_buffer_float.h */,
				FAA2917B1ED7404E00F8CE55 /* NV_occlusion_query_samples.h */,
				FAA2917C1ED7404E00F8CE55 /* NV_primitive_restart.h */,
			);
			path = GLExtensions;
			sourceTree = "<group>";
		};
		FAA2917D1ED7404E00F8CE55 /* GLInterface */ = {
			isa = PBXGroup;
			children = (
				FAA2917E1ED7404E00F8CE55 /* AGL.h */,
				FAA2917F1ED7404E00F8CE55 /* AGL.mm */,
				FAA2918A1ED7404E00F8CE55 /* GLInterface.cpp */,
				FAA2918C1ED7404E00F8CE55 /* GLX.h */,
				FAA2918E1ED7404E00F8CE55 /* WGL.h */,
				FAA291901ED7404E00F8CE55 /* X11_Util.h */,
			);
			path = GLInterface;
			sourceTree = "<group>";
		};
		FAA2919C1ED7404E00F8CE55 /* Logging */ = {
			isa = PBXGroup;
			children = (
				FAA2919D1ED7404E00F8CE55 /* ConsoleListener.h */,
				FAA2919F1ED7404E00F8CE55 /* ConsoleListenerNix.cpp */,
				FAA291A11ED7404E00F8CE55 /* Log.h */,
				FAA291A21ED7404E00F8CE55 /* LogManager.cpp */,
				FAA291A31ED7404E00F8CE55 /* LogManager.h */,
			);
			path = Logging;
			sourceTree = "<group>";
		};
		FAA291D51ED7404E00F8CE55 /* x64 */ = {
			isa = PBXGroup;
			children = (
				FAA291D61ED7404E00F8CE55 /* Release */,
			);
			path = x64;
			sourceTree = "<group>";
		};
		FAA291D61ED7404E00F8CE55 /* Release */ = {
			isa = PBXGroup;
			children = (
				FAA291D71ED7404E00F8CE55 /* SCMRevGen.log */,
			);
			path = Release;
			sourceTree = "<group>";
		};
		FAA292B61ED7444C00F8CE55 /* Frameworks */ = {
			isa = PBXGroup;
			children = (
				FAA292DE1ED76D7A00F8CE55 /* mbedtls.xcodeproj */,
				FAA292B71ED7444C00F8CE55 /* enet.xcodeproj */,
			);
			name = Frameworks;
			sourceTree = "<group>";
		};
		FAA292B81ED7444C00F8CE55 /* Products */ = {
			isa = PBXGroup;
			children = (
				FAA292BC1ED7444C00F8CE55 /* libenet.a */,
			);
			name = Products;
			sourceTree = "<group>";
		};
		FAA292DF1ED76D7A00F8CE55 /* Products */ = {
			isa = PBXGroup;
			children = (
				FAA292E51ED76D7A00F8CE55 /* libmbedcrypto.a */,
				FAA292E71ED76D7A00F8CE55 /* libmbedx509.a */,
				FAA292E91ED76D7A00F8CE55 /* libmbedtls.a */,
			);
			name = Products;
			sourceTree = "<group>";
		};
/* End PBXGroup section */

/* Begin PBXHeadersBuildPhase section */
		FAA28A601ED50B6300F8CE55 /* Headers */ = {
			isa = PBXHeadersBuildPhase;
			buildActionMask = 2147483647;
			files = (
				FAA292901ED7404E00F8CE55 /* SymbolDB.h in Headers */,
				FAA292A91ED742E100F8CE55 /* MD5.h in Headers */,
				FAA2924B1ED7404E00F8CE55 /* NV_primitive_restart.h in Headers */,
				FAA292311ED7404E00F8CE55 /* ARB_uniform_buffer_object.h in Headers */,
				FAA292271ED7404E00F8CE55 /* ARB_map_buffer_range.h in Headers */,
				FAA2922F1ED7404E00F8CE55 /* ARB_texture_storage.h in Headers */,
				FAA292491ED7404E00F8CE55 /* NV_depth_buffer_float.h in Headers */,
				FAA292831ED7404E00F8CE55 /* PerformanceCounter.h in Headers */,
				FAA292141ED7404E00F8CE55 /* FixedSizeQueue.h in Headers */,
				FAA292011ED7404E00F8CE55 /* Section.h in Headers */,
				FAA292401ED7404E00F8CE55 /* gl_4_2.h in Headers */,
				FAA291FC1ED7404E00F8CE55 /* Config.h in Headers */,
				FAA2926E1ED7404E00F8CE55 /* Log.h in Headers */,
				FAA292861ED7404E00F8CE55 /* ScopeGuard.h in Headers */,
				FAA292391ED7404E00F8CE55 /* gl_1_4.h in Headers */,
				FAA292341ED7404E00F8CE55 /* EXT_texture_compression_s3tc.h in Headers */,
				FAA292021ED7404E00F8CE55 /* ConstantBuffer.h in Headers */,
				FAA292691ED7404E00F8CE55 /* LinearDiskCache.h in Headers */,
				FAA292651ED7404E00F8CE55 /* IniFile.h in Headers */,
				FAA292281ED7404E00F8CE55 /* ARB_occlusion_query2.h in Headers */,
				FAA2921D1ED7404E00F8CE55 /* ARB_buffer_storage.h in Headers */,
				FAA292051ED7404E00F8CE55 /* AES.h in Headers */,
				FAA292201ED7404E00F8CE55 /* ARB_copy_image.h in Headers */,
				FAA292761ED7404E00F8CE55 /* MemArena.h in Headers */,
				FAA2926A1ED7404E00F8CE55 /* ConsoleListener.h in Headers */,
				FAA292211ED7404E00F8CE55 /* ARB_debug_output.h in Headers */,
				FAA291FA1ED7404E00F8CE55 /* CommonTypes.h in Headers */,
				FAA292A51ED7404E00F8CE55 /* x64Reg.h in Headers */,
				FAA292C21ED74A4400F8CE55 /* scmrev.h in Headers */,
				FAA2925A1ED7404E00F8CE55 /* GLX.h in Headers */,
				FAA291F31ED7404E00F8CE55 /* CodeBlock.h in Headers */,
				FAA292701ED7404E00F8CE55 /* LogManager.h in Headers */,
				FAA2920B1ED7404E00F8CE55 /* DebugInterface.h in Headers */,
				FAA292361ED7404E00F8CE55 /* gl_1_1.h in Headers */,
				FAA2923D1ED7404E00F8CE55 /* gl_3_0.h in Headers */,
				FAA292481ED7404E00F8CE55 /* KHR_debug.h in Headers */,
				FAA291F51ED7404E00F8CE55 /* ColorUtil.h in Headers */,
				FAA291ED1ED7404E00F8CE55 /* BitSet.h in Headers */,
				FAA291EB1ED7404E00F8CE55 /* BitField.h in Headers */,
				FAA292811ED7404E00F8CE55 /* PcapFile.h in Headers */,
				FAA292251ED7404E00F8CE55 /* ARB_framebuffer_object.h in Headers */,
				FAA2929A1ED7404E00F8CE55 /* TraversalClient.h in Headers */,
				FAA2922C1ED7404E00F8CE55 /* ARB_shader_storage_buffer_object.h in Headers */,
				FAA2924C1ED7404E00F8CE55 /* AGL.h in Headers */,
				FAA292781ED7404E00F8CE55 /* MemoryUtil.h in Headers */,
				FAA292351ED7404E00F8CE55 /* EXT_texture_filter_anisotropic.h in Headers */,
				FAA2925F1ED7404E00F8CE55 /* GLInterfaceBase.h in Headers */,
				FAA292321ED7404E00F8CE55 /* ARB_vertex_array_object.h in Headers */,
				FAA292301ED7404E00F8CE55 /* ARB_texture_storage_multisample.h in Headers */,
				FAA291DF1ED7404E00F8CE55 /* Align.h in Headers */,
				FAA292661ED7404E00F8CE55 /* Intrinsics.h in Headers */,
				FAA292941ED7404E00F8CE55 /* Thread.h in Headers */,
				FAA2921F1ED7404E00F8CE55 /* ARB_compute_shader.h in Headers */,
				FAA292371ED7404E00F8CE55 /* gl_1_2.h in Headers */,
				FAA2927C1ED7404E00F8CE55 /* NandPaths.h in Headers */,
				FAA292111ED7404E00F8CE55 /* FileSearch.h in Headers */,
				FAA2922E1ED7404E00F8CE55 /* ARB_texture_multisample.h in Headers */,
				FAA2920E1ED7404E00F8CE55 /* Event.h in Headers */,
				FAA2923F1ED7404E00F8CE55 /* gl_3_2.h in Headers */,
				FAA2928D1ED7404E00F8CE55 /* StringUtil.h in Headers */,
				FAA2927A1ED7404E00F8CE55 /* MsgHandler.h in Headers */,
				FAA291E71ED7404E00F8CE55 /* Assert.h in Headers */,
				FAA291E91ED7404E00F8CE55 /* Atomic_Win32.h in Headers */,
				FAA291EE1ED7404E00F8CE55 /* BitUtils.h in Headers */,
				FAA2920A1ED7404E00F8CE55 /* tools.h in Headers */,
				FAA292441ED7404E00F8CE55 /* gl_common.h in Headers */,
				FAA2922A1ED7404E00F8CE55 /* ARB_sampler_objects.h in Headers */,
				FAA2923C1ED7404E00F8CE55 /* gl_2_1.h in Headers */,
				FAA291FF1ED7404E00F8CE55 /* Layer.h in Headers */,
				FAA292881ED7404E00F8CE55 /* SDCardUtil.h in Headers */,
				FAA292031ED7404E00F8CE55 /* CPUDetect.h in Headers */,
				FAA2921B1ED7404E00F8CE55 /* AMD_pinned_memory.h in Headers */,
				FAA292471ED7404E00F8CE55 /* HP_occlusion_test.h in Headers */,
				FAA2923E1ED7404E00F8CE55 /* gl_3_1.h in Headers */,
				FAA292611ED7404E00F8CE55 /* GLUtil.h in Headers */,
				FAA291F61ED7404E00F8CE55 /* Common.h in Headers */,
				FAA292181ED7404E00F8CE55 /* GekkoDisassembler.h in Headers */,
				FAA292851ED7404E00F8CE55 /* Profiler.h in Headers */,
				FAA2925E1ED7404E00F8CE55 /* X11_Util.h in Headers */,
				FAA291EA1ED7404E00F8CE55 /* Atomic.h in Headers */,
				FAA2923B1ED7404E00F8CE55 /* gl_2_0.h in Headers */,
				FAA2922B1ED7404E00F8CE55 /* ARB_shader_image_load_store.h in Headers */,
				FAA291EC1ED7404E00F8CE55 /* BitHelpers.h in Headers */,
				FAA292721ED7404E00F8CE55 /* MathUtil.h in Headers */,
				FAA292231ED7404E00F8CE55 /* ARB_ES2_compatibility.h in Headers */,
				FAA292071ED7404E00F8CE55 /* bn.h in Headers */,
				FAA291F21ED7404E00F8CE55 /* ChunkFile.h in Headers */,
				FAA291E01ED7404E00F8CE55 /* AllocationMap.h in Headers */,
				FAA2927F1ED7404E00F8CE55 /* NonCopyable.h in Headers */,
				FAA292981ED7404E00F8CE55 /* Timer.h in Headers */,
				FAA291F81ED7404E00F8CE55 /* CommonFuncs.h in Headers */,
				FAA292331ED7404E00F8CE55 /* ARB_viewport_array.h in Headers */,
				FAA2929B1ED7404E00F8CE55 /* TraversalProto.h in Headers */,
				FAA2920D1ED7404E00F8CE55 /* ENetUtil.h in Headers */,
				FAA292151ED7404E00F8CE55 /* Flag.h in Headers */,
				FAA291EF1ED7404E00F8CE55 /* BlockingLoop.h in Headers */,
				FAA292131ED7404E00F8CE55 /* FileUtil.h in Headers */,
				FAA2921E1ED7404E00F8CE55 /* ARB_clip_control.h in Headers */,
				FAA292241ED7404E00F8CE55 /* ARB_ES3_compatibility.h in Headers */,
				FAA292921ED7404E00F8CE55 /* SysConf.h in Headers */,
				FAA292431ED7404E00F8CE55 /* gl_4_5.h in Headers */,
				FAA2924A1ED7404E00F8CE55 /* NV_occlusion_query_samples.h in Headers */,
				FAA292461ED7404E00F8CE55 /* GLExtensions.h in Headers */,
				FAA2923A1ED7404E00F8CE55 /* gl_1_5.h in Headers */,
				FAA292221ED7404E00F8CE55 /* ARB_draw_elements_base_vertex.h in Headers */,
				FAA292381ED7404E00F8CE55 /* gl_1_3.h in Headers */,
				FAA292411ED7404E00F8CE55 /* gl_4_3.h in Headers */,
				FAA2922D1ED7404E00F8CE55 /* ARB_sync.h in Headers */,
				FAA2928B1ED7404E00F8CE55 /* SettingsHandler.h in Headers */,
				FAA291F11ED7404E00F8CE55 /* CDUtils.h in Headers */,
				FAA292291ED7404E00F8CE55 /* ARB_sample_shading.h in Headers */,
				FAA2920F1ED7404E00F8CE55 /* FifoQueue.h in Headers */,
				FAA291E21ED7404E00F8CE55 /* Analytics.h in Headers */,
				FAA292091ED7404E00F8CE55 /* ec.h in Headers */,
				FAA2928E1ED7404E00F8CE55 /* Swap.h in Headers */,
				FAA2921C1ED7404E00F8CE55 /* ARB_blend_func_extended.h in Headers */,
				FAA292161ED7404E00F8CE55 /* FPURoundMode.h in Headers */,
				FAA292891ED7404E00F8CE55 /* Semaphore.h in Headers */,
				FAA291FD1ED7404E00F8CE55 /* Enums.h in Headers */,
				FAA292631ED7404E00F8CE55 /* Hash.h in Headers */,
				FAA292A01ED7404E00F8CE55 /* x64ABI.h in Headers */,
				FAA292261ED7404E00F8CE55 /* ARB_get_program_binary.h in Headers */,
				FAA292421ED7404E00F8CE55 /* gl_4_4.h in Headers */,
				FAA292681ED7404E00F8CE55 /* JitRegister.h in Headers */,
				FAA2925C1ED7404E00F8CE55 /* WGL.h in Headers */,
				FAA2927E1ED7404E00F8CE55 /* Network.h in Headers */,
				FAA291F91ED7404E00F8CE55 /* CommonPaths.h in Headers */,
				FAA291E81ED7404E00F8CE55 /* Atomic_GCC.h in Headers */,
				FAA292A31ED7404E00F8CE55 /* x64Emitter.h in Headers */,
			);
			runOnlyForDeploymentPostprocessing = 0;
		};
/* End PBXHeadersBuildPhase section */

/* Begin PBXNativeTarget section */
		FAA28A611ED50B6300F8CE55 /* common */ = {
			isa = PBXNativeTarget;
			buildConfigurationList = FAA28A661ED50B6300F8CE55 /* Build configuration list for PBXNativeTarget "common" */;
			buildPhases = (
				FAA28A5E1ED50B6300F8CE55 /* Sources */,
				FAA28A5F1ED50B6300F8CE55 /* Frameworks */,
				FAA28A601ED50B6300F8CE55 /* Headers */,
			);
			buildRules = (
			);
			dependencies = (
			);
			name = common;
			productName = common;
			productReference = FAA28A621ED50B6300F8CE55 /* libcommon.a */;
			productType = "com.apple.product-type.library.static";
		};
		FAA292AD1ED7435800F8CE55 /* traversal_server */ = {
			isa = PBXNativeTarget;
			buildConfigurationList = FAA292B21ED7435800F8CE55 /* Build configuration list for PBXNativeTarget "traversal_server" */;
			buildPhases = (
				FAA292AA1ED7435800F8CE55 /* Sources */,
				FAA292AB1ED7435800F8CE55 /* Frameworks */,
				FAA292AC1ED7435800F8CE55 /* CopyFiles */,
			);
			buildRules = (
			);
			dependencies = (
			);
			name = traversal_server;
			productName = traversal_server;
			productReference = FAA292AE1ED7435800F8CE55 /* traversal_server */;
			productType = "com.apple.product-type.tool";
		};
/* End PBXNativeTarget section */

/* Begin PBXProject section */
		FAA28A5A1ED50B6300F8CE55 /* Project object */ = {
			isa = PBXProject;
			attributes = {
				LastUpgradeCheck = 0830;
				ORGANIZATIONNAME = "Vincent Imbimbo";
				TargetAttributes = {
					FAA28A611ED50B6300F8CE55 = {
						CreatedOnToolsVersion = 8.3.2;
						ProvisioningStyle = Automatic;
					};
					FAA292AD1ED7435800F8CE55 = {
						CreatedOnToolsVersion = 8.3.2;
						ProvisioningStyle = Automatic;
					};
				};
			};
			buildConfigurationList = FAA28A5D1ED50B6300F8CE55 /* Build configuration list for PBXProject "common" */;
			compatibilityVersion = "Xcode 3.2";
			developmentRegion = English;
			hasScannedForEncodings = 0;
			knownRegions = (
				en,
			);
			mainGroup = FAA28A591ED50B6300F8CE55;
			productRefGroup = FAA28A631ED50B6300F8CE55 /* Products */;
			projectDirPath = "";
			projectReferences = (
				{
					ProductGroup = FAA292B81ED7444C00F8CE55 /* Products */;
					ProjectRef = FAA292B71ED7444C00F8CE55 /* enet.xcodeproj */;
				},
				{
					ProductGroup = FAA292DF1ED76D7A00F8CE55 /* Products */;
					ProjectRef = FAA292DE1ED76D7A00F8CE55 /* mbedtls.xcodeproj */;
				},
			);
			projectRoot = "";
			targets = (
				FAA28A611ED50B6300F8CE55 /* common */,
				FAA292AD1ED7435800F8CE55 /* traversal_server */,
			);
		};
/* End PBXProject section */

/* Begin PBXReferenceProxy section */
		FAA292BC1ED7444C00F8CE55 /* libenet.a */ = {
			isa = PBXReferenceProxy;
			fileType = archive.ar;
			path = libenet.a;
			remoteRef = FAA292BB1ED7444C00F8CE55 /* PBXContainerItemProxy */;
			sourceTree = BUILT_PRODUCTS_DIR;
		};
		FAA292E51ED76D7A00F8CE55 /* libmbedcrypto.a */ = {
			isa = PBXReferenceProxy;
			fileType = archive.ar;
			path = libmbedcrypto.a;
			remoteRef = FAA292E41ED76D7A00F8CE55 /* PBXContainerItemProxy */;
			sourceTree = BUILT_PRODUCTS_DIR;
		};
		FAA292E71ED76D7A00F8CE55 /* libmbedx509.a */ = {
			isa = PBXReferenceProxy;
			fileType = archive.ar;
			path = libmbedx509.a;
			remoteRef = FAA292E61ED76D7A00F8CE55 /* PBXContainerItemProxy */;
			sourceTree = BUILT_PRODUCTS_DIR;
		};
		FAA292E91ED76D7A00F8CE55 /* libmbedtls.a */ = {
			isa = PBXReferenceProxy;
			fileType = archive.ar;
			path = libmbedtls.a;
			remoteRef = FAA292E81ED76D7A00F8CE55 /* PBXContainerItemProxy */;
			sourceTree = BUILT_PRODUCTS_DIR;
		};
/* End PBXReferenceProxy section */

/* Begin PBXSourcesBuildPhase section */
		FAA28A5E1ED50B6300F8CE55 /* Sources */ = {
			isa = PBXSourcesBuildPhase;
			buildActionMask = 2147483647;
			files = (
				FAA291F71ED7404E00F8CE55 /* CommonFuncs.cpp in Sources */,
				FAA291F01ED7404E00F8CE55 /* CDUtils.cpp in Sources */,
				FAA292001ED7404E00F8CE55 /* Section.cpp in Sources */,
				FAA292671ED7404E00F8CE55 /* JitRegister.cpp in Sources */,
				FAA292621ED7404E00F8CE55 /* Hash.cpp in Sources */,
				FAA292081ED7404E00F8CE55 /* ec.cpp in Sources */,
				FAA2920C1ED7404E00F8CE55 /* ENetUtil.cpp in Sources */,
				FAA2929E1ED7404E00F8CE55 /* Version.cpp in Sources */,
				FAA292791ED7404E00F8CE55 /* MsgHandler.cpp in Sources */,
				FAA292171ED7404E00F8CE55 /* GekkoDisassembler.cpp in Sources */,
				FAA2928C1ED7404E00F8CE55 /* StringUtil.cpp in Sources */,
				FAA292751ED7404E00F8CE55 /* MemArena.cpp in Sources */,
				FAA292841ED7404E00F8CE55 /* Profiler.cpp in Sources */,
				FAA292871ED7404E00F8CE55 /* SDCardUtil.cpp in Sources */,
				FAA292711ED7404E00F8CE55 /* MathUtil.cpp in Sources */,
				FAA2928A1ED7404E00F8CE55 /* SettingsHandler.cpp in Sources */,
				FAA292061ED7404E00F8CE55 /* bn.cpp in Sources */,
				FAA292801ED7404E00F8CE55 /* PcapFile.cpp in Sources */,
				FAA292A11ED7404E00F8CE55 /* x64CPUDetect.cpp in Sources */,
				FAA291F41ED7404E00F8CE55 /* ColorUtil.cpp in Sources */,
				FAA292121ED7404E00F8CE55 /* FileUtil.cpp in Sources */,
				FAA2924D1ED7404E00F8CE55 /* AGL.mm in Sources */,
				FAA2927D1ED7404E00F8CE55 /* Network.cpp in Sources */,
				FAA292451ED7404E00F8CE55 /* GLExtensions.cpp in Sources */,
				FAA2926C1ED7404E00F8CE55 /* ConsoleListenerNix.cpp in Sources */,
				FAA292991ED7404E00F8CE55 /* TraversalClient.cpp in Sources */,
				FAA2929D1ED7404E00F8CE55 /* ucrtFreadWorkaround.cpp in Sources */,
				FAA2927B1ED7404E00F8CE55 /* NandPaths.cpp in Sources */,
				FAA292581ED7404E00F8CE55 /* GLInterface.cpp in Sources */,
				FAA292A41ED7404E00F8CE55 /* x64FPURoundMode.cpp in Sources */,
				FAA292A81ED742E100F8CE55 /* MD5.cpp in Sources */,
				FAA291E11ED7404E00F8CE55 /* Analytics.cpp in Sources */,
				FAA2926F1ED7404E00F8CE55 /* LogManager.cpp in Sources */,
				FAA292931ED7404E00F8CE55 /* Thread.cpp in Sources */,
				FAA292971ED7404E00F8CE55 /* Timer.cpp in Sources */,
				FAA292771ED7404E00F8CE55 /* MemoryUtil.cpp in Sources */,
				FAA2929F1ED7404E00F8CE55 /* x64ABI.cpp in Sources */,
				FAA291FB1ED7404E00F8CE55 /* Config.cpp in Sources */,
				FAA291FE1ED7404E00F8CE55 /* Layer.cpp in Sources */,
				FAA292041ED7404E00F8CE55 /* AES.cpp in Sources */,
				FAA292601ED7404E00F8CE55 /* GLUtil.cpp in Sources */,
				FAA292641ED7404E00F8CE55 /* IniFile.cpp in Sources */,
				FAA292101ED7404E00F8CE55 /* FileSearch.cpp in Sources */,
				FAA292A21ED7404E00F8CE55 /* x64Emitter.cpp in Sources */,
				FAA2928F1ED7404E00F8CE55 /* SymbolDB.cpp in Sources */,
				FAA292911ED7404E00F8CE55 /* SysConf.cpp in Sources */,
				FAA292821ED7404E00F8CE55 /* PerformanceCounter.cpp in Sources */,
			);
			runOnlyForDeploymentPostprocessing = 0;
		};
		FAA292AA1ED7435800F8CE55 /* Sources */ = {
			isa = PBXSourcesBuildPhase;
			buildActionMask = 2147483647;
			files = (
				FAA292B51ED7438400F8CE55 /* TraversalServer.cpp in Sources */,
			);
			runOnlyForDeploymentPostprocessing = 0;
		};
/* End PBXSourcesBuildPhase section */

/* Begin XCBuildConfiguration section */
		FAA28A641ED50B6300F8CE55 /* Debug */ = {
			isa = XCBuildConfiguration;
			buildSettings = {
				ALWAYS_SEARCH_USER_PATHS = NO;
				CLANG_ANALYZER_NONNULL = YES;
				CLANG_ANALYZER_NUMBER_OBJECT_CONVERSION = YES_AGGRESSIVE;
				CLANG_CXX_LANGUAGE_STANDARD = "gnu++0x";
				CLANG_CXX_LIBRARY = "libc++";
				CLANG_ENABLE_MODULES = YES;
				CLANG_ENABLE_OBJC_ARC = YES;
				CLANG_WARN_BOOL_CONVERSION = YES;
				CLANG_WARN_CONSTANT_CONVERSION = YES;
				CLANG_WARN_DIRECT_OBJC_ISA_USAGE = YES_ERROR;
				CLANG_WARN_DOCUMENTATION_COMMENTS = YES;
				CLANG_WARN_EMPTY_BODY = YES;
				CLANG_WARN_ENUM_CONVERSION = YES;
				CLANG_WARN_INFINITE_RECURSION = YES;
				CLANG_WARN_INT_CONVERSION = YES;
				CLANG_WARN_OBJC_ROOT_CLASS = YES_ERROR;
				CLANG_WARN_SUSPICIOUS_MOVE = YES;
				CLANG_WARN_UNREACHABLE_CODE = YES;
				CLANG_WARN__DUPLICATE_METHOD_MATCH = YES;
				CODE_SIGN_IDENTITY = "-";
				COPY_PHASE_STRIP = NO;
				DEBUG_INFORMATION_FORMAT = dwarf;
				ENABLE_STRICT_OBJC_MSGSEND = YES;
				ENABLE_TESTABILITY = YES;
				GCC_C_LANGUAGE_STANDARD = gnu99;
				GCC_DYNAMIC_NO_PIC = NO;
				GCC_NO_COMMON_BLOCKS = YES;
				GCC_OPTIMIZATION_LEVEL = 0;
				GCC_PREPROCESSOR_DEFINITIONS = (
					"DEBUG=1",
					"$(inherited)",
				);
				GCC_WARN_64_TO_32_BIT_CONVERSION = YES;
				GCC_WARN_ABOUT_RETURN_TYPE = YES_ERROR;
				GCC_WARN_UNDECLARED_SELECTOR = YES;
				GCC_WARN_UNINITIALIZED_AUTOS = YES_AGGRESSIVE;
				GCC_WARN_UNUSED_FUNCTION = YES;
				GCC_WARN_UNUSED_VARIABLE = YES;
				HEADER_SEARCH_PATHS = (
					"$(SRCROOT)/../../../Externals/enet/include",
					"$(SRCROOT)/..",
				);
				MACOSX_DEPLOYMENT_TARGET = 10.12;
				MTL_ENABLE_DEBUG_INFO = YES;
				ONLY_ACTIVE_ARCH = YES;
				SDKROOT = macosx;
				USE_HEADERMAP = YES;
			};
			name = Debug;
		};
		FAA28A651ED50B6300F8CE55 /* Release */ = {
			isa = XCBuildConfiguration;
			buildSettings = {
				ALWAYS_SEARCH_USER_PATHS = NO;
				CLANG_ANALYZER_NONNULL = YES;
				CLANG_ANALYZER_NUMBER_OBJECT_CONVERSION = YES_AGGRESSIVE;
				CLANG_CXX_LANGUAGE_STANDARD = "gnu++0x";
				CLANG_CXX_LIBRARY = "libc++";
				CLANG_ENABLE_MODULES = YES;
				CLANG_ENABLE_OBJC_ARC = YES;
				CLANG_WARN_BOOL_CONVERSION = YES;
				CLANG_WARN_CONSTANT_CONVERSION = YES;
				CLANG_WARN_DIRECT_OBJC_ISA_USAGE = YES_ERROR;
				CLANG_WARN_DOCUMENTATION_COMMENTS = YES;
				CLANG_WARN_EMPTY_BODY = YES;
				CLANG_WARN_ENUM_CONVERSION = YES;
				CLANG_WARN_INFINITE_RECURSION = YES;
				CLANG_WARN_INT_CONVERSION = YES;
				CLANG_WARN_OBJC_ROOT_CLASS = YES_ERROR;
				CLANG_WARN_SUSPICIOUS_MOVE = YES;
				CLANG_WARN_UNREACHABLE_CODE = YES;
				CLANG_WARN__DUPLICATE_METHOD_MATCH = YES;
				CODE_SIGN_IDENTITY = "-";
				COPY_PHASE_STRIP = NO;
				DEBUG_INFORMATION_FORMAT = "dwarf-with-dsym";
				ENABLE_NS_ASSERTIONS = NO;
				ENABLE_STRICT_OBJC_MSGSEND = YES;
				GCC_C_LANGUAGE_STANDARD = gnu99;
				GCC_NO_COMMON_BLOCKS = YES;
				GCC_WARN_64_TO_32_BIT_CONVERSION = YES;
				GCC_WARN_ABOUT_RETURN_TYPE = YES_ERROR;
				GCC_WARN_UNDECLARED_SELECTOR = YES;
				GCC_WARN_UNINITIALIZED_AUTOS = YES_AGGRESSIVE;
				GCC_WARN_UNUSED_FUNCTION = YES;
				GCC_WARN_UNUSED_VARIABLE = YES;
				HEADER_SEARCH_PATHS = (
					"$(SRCROOT)/../../../Externals/enet/include",
					"$(SRCROOT)/..",
				);
				MACOSX_DEPLOYMENT_TARGET = 10.12;
				MTL_ENABLE_DEBUG_INFO = NO;
				SDKROOT = macosx;
				USE_HEADERMAP = YES;
			};
			name = Release;
		};
		FAA28A671ED50B6300F8CE55 /* Debug */ = {
			isa = XCBuildConfiguration;
			buildSettings = {
				CLANG_CXX_LANGUAGE_STANDARD = "c++14";
				CLANG_ENABLE_OBJC_ARC = NO;
				EXECUTABLE_PREFIX = lib;
				HEADER_SEARCH_PATHS = (
					"$(SRCROOT)/../../../Externals/enet/include",
					"$(SRCROOT)/..",
					"$(SRCROOT)/../../../Externals/mbedtls/include",
				);
				PRODUCT_NAME = "$(TARGET_NAME)";
			};
			name = Debug;
		};
		FAA28A681ED50B6300F8CE55 /* Release */ = {
			isa = XCBuildConfiguration;
			buildSettings = {
				CLANG_CXX_LANGUAGE_STANDARD = "c++14";
				CLANG_ENABLE_OBJC_ARC = NO;
				EXECUTABLE_PREFIX = lib;
				HEADER_SEARCH_PATHS = (
					"$(SRCROOT)/../../../Externals/enet/include",
					"$(SRCROOT)/..",
					"$(SRCROOT)/../../../Externals/mbedtls/include",
				);
				PRODUCT_NAME = "$(TARGET_NAME)";
			};
			name = Release;
		};
		FAA292B31ED7435800F8CE55 /* Debug */ = {
			isa = XCBuildConfiguration;
			buildSettings = {
				PRODUCT_NAME = "$(TARGET_NAME)";
			};
			name = Debug;
		};
		FAA292B41ED7435800F8CE55 /* Release */ = {
			isa = XCBuildConfiguration;
			buildSettings = {
				PRODUCT_NAME = "$(TARGET_NAME)";
			};
			name = Release;
		};
/* End XCBuildConfiguration section */

/* Begin XCConfigurationList section */
		FAA28A5D1ED50B6300F8CE55 /* Build configuration list for PBXProject "common" */ = {
			isa = XCConfigurationList;
			buildConfigurations = (
				FAA28A641ED50B6300F8CE55 /* Debug */,
				FAA28A651ED50B6300F8CE55 /* Release */,
			);
			defaultConfigurationIsVisible = 0;
			defaultConfigurationName = Release;
		};
		FAA28A661ED50B6300F8CE55 /* Build configuration list for PBXNativeTarget "common" */ = {
			isa = XCConfigurationList;
			buildConfigurations = (
				FAA28A671ED50B6300F8CE55 /* Debug */,
				FAA28A681ED50B6300F8CE55 /* Release */,
			);
			defaultConfigurationIsVisible = 0;
			defaultConfigurationName = Release;
		};
		FAA292B21ED7435800F8CE55 /* Build configuration list for PBXNativeTarget "traversal_server" */ = {
			isa = XCConfigurationList;
			buildConfigurations = (
				FAA292B31ED7435800F8CE55 /* Debug */,
				FAA292B41ED7435800F8CE55 /* Release */,
			);
			defaultConfigurationIsVisible = 0;
			defaultConfigurationName = Release;
		};
/* End XCConfigurationList section */
	};
	rootObject = FAA28A5A1ED50B6300F8CE55 /* Project object */;
}
