// !$*UTF8*$!
{
	archiveVersion = 1;
	classes = {
	};
	objectVersion = 46;
	objects = {

/* Begin PBXBuildFile section */
		FAA2875D1ED49EC900F8CE55 /* aldlist.cpp in Sources */ = {isa = PBXBuildFile; fileRef = FAA2874C1ED49EC900F8CE55 /* aldlist.cpp */; };
		FAA2875F1ED49EC900F8CE55 /* AudioCommon.cpp in Sources */ = {isa = PBXBuildFile; fileRef = FAA2874E1ED49EC900F8CE55 /* AudioCommon.cpp */; };
		FAA287611ED49EC900F8CE55 /* CoreAudioSoundStream.cpp in Sources */ = {isa = PBXBuildFile; fileRef = FAA287501ED49EC900F8CE55 /* CoreAudioSoundStream.cpp */; };
		FAA287631ED49EC900F8CE55 /* DPL2Decoder.cpp in Sources */ = {isa = PBXBuildFile; fileRef = FAA287521ED49EC900F8CE55 /* DPL2Decoder.cpp */; };
		FAA287651ED49EC900F8CE55 /* Mixer.cpp in Sources */ = {isa = PBXBuildFile; fileRef = FAA287541ED49EC900F8CE55 /* Mixer.cpp */; };
		FAA287671ED49EC900F8CE55 /* NullSoundStream.cpp in Sources */ = {isa = PBXBuildFile; fileRef = FAA287561ED49EC900F8CE55 /* NullSoundStream.cpp */; };
		FAA287691ED49EC900F8CE55 /* OpenALStream.cpp in Sources */ = {isa = PBXBuildFile; fileRef = FAA287581ED49EC900F8CE55 /* OpenALStream.cpp */; };
		FAA2876C1ED49EC900F8CE55 /* WaveFile.cpp in Sources */ = {isa = PBXBuildFile; fileRef = FAA2875B1ED49EC900F8CE55 /* WaveFile.cpp */; };
		FAA287701ED49EE500F8CE55 /* OpenAL.framework in Frameworks */ = {isa = PBXBuildFile; fileRef = FAA2876F1ED49EE500F8CE55 /* OpenAL.framework */; };
		FAA287C51ED4A1CA00F8CE55 /* libsoundtouch.a in Frameworks */ = {isa = PBXBuildFile; fileRef = FAA287C21ED4A1BF00F8CE55 /* libsoundtouch.a */; };
/* End PBXBuildFile section */

/* Begin PBXContainerItemProxy section */
		FAA287C11ED4A1BF00F8CE55 /* PBXContainerItemProxy */ = {
			isa = PBXContainerItemProxy;
			containerPortal = FAA287BD1ED4A1BF00F8CE55 /* soundtouch.xcodeproj */;
			proxyType = 2;
			remoteGlobalIDString = FAA2877A1ED4A0FB00F8CE55;
			remoteInfo = soundtouch;
		};
/* End PBXContainerItemProxy section */

/* Begin PBXFileReference section */
		FAA286E71ED49AEE00F8CE55 /* libaudiocommon.a */ = {isa = PBXFileReference; explicitFileType = archive.ar; includeInIndex = 0; path = libaudiocommon.a; sourceTree = BUILT_PRODUCTS_DIR; };
		FAA2874C1ED49EC900F8CE55 /* aldlist.cpp */ = {isa = PBXFileReference; lastKnownFileType = sourcecode.cpp.cpp; path = aldlist.cpp; sourceTree = "<group>"; };
		FAA2874D1ED49EC900F8CE55 /* aldlist.h */ = {isa = PBXFileReference; lastKnownFileType = sourcecode.c.h; path = aldlist.h; sourceTree = "<group>"; };
		FAA2874E1ED49EC900F8CE55 /* AudioCommon.cpp */ = {isa = PBXFileReference; lastKnownFileType = sourcecode.cpp.cpp; path = AudioCommon.cpp; sourceTree = "<group>"; };
		FAA2874F1ED49EC900F8CE55 /* AudioCommon.h */ = {isa = PBXFileReference; lastKnownFileType = sourcecode.c.h; path = AudioCommon.h; sourceTree = "<group>"; };
		FAA287501ED49EC900F8CE55 /* CoreAudioSoundStream.cpp */ = {isa = PBXFileReference; lastKnownFileType = sourcecode.cpp.cpp; path = CoreAudioSoundStream.cpp; sourceTree = "<group>"; };
		FAA287511ED49EC900F8CE55 /* CoreAudioSoundStream.h */ = {isa = PBXFileReference; lastKnownFileType = sourcecode.c.h; path = CoreAudioSoundStream.h; sourceTree = "<group>"; };
		FAA287521ED49EC900F8CE55 /* DPL2Decoder.cpp */ = {isa = PBXFileReference; lastKnownFileType = sourcecode.cpp.cpp; path = DPL2Decoder.cpp; sourceTree = "<group>"; };
		FAA287531ED49EC900F8CE55 /* DPL2Decoder.h */ = {isa = PBXFileReference; lastKnownFileType = sourcecode.c.h; path = DPL2Decoder.h; sourceTree = "<group>"; };
		FAA287541ED49EC900F8CE55 /* Mixer.cpp */ = {isa = PBXFileReference; lastKnownFileType = sourcecode.cpp.cpp; path = Mixer.cpp; sourceTree = "<group>"; };
		FAA287551ED49EC900F8CE55 /* Mixer.h */ = {isa = PBXFileReference; lastKnownFileType = sourcecode.c.h; path = Mixer.h; sourceTree = "<group>"; };
		FAA287561ED49EC900F8CE55 /* NullSoundStream.cpp */ = {isa = PBXFileReference; lastKnownFileType = sourcecode.cpp.cpp; path = NullSoundStream.cpp; sourceTree = "<group>"; };
		FAA287571ED49EC900F8CE55 /* NullSoundStream.h */ = {isa = PBXFileReference; lastKnownFileType = sourcecode.c.h; path = NullSoundStream.h; sourceTree = "<group>"; };
		FAA287581ED49EC900F8CE55 /* OpenALStream.cpp */ = {isa = PBXFileReference; lastKnownFileType = sourcecode.cpp.cpp; path = OpenALStream.cpp; sourceTree = "<group>"; };
		FAA287591ED49EC900F8CE55 /* OpenALStream.h */ = {isa = PBXFileReference; lastKnownFileType = sourcecode.c.h; path = OpenALStream.h; sourceTree = "<group>"; };
		FAA2875A1ED49EC900F8CE55 /* SoundStream.h */ = {isa = PBXFileReference; lastKnownFileType = sourcecode.c.h; path = SoundStream.h; sourceTree = "<group>"; };
		FAA2875B1ED49EC900F8CE55 /* WaveFile.cpp */ = {isa = PBXFileReference; lastKnownFileType = sourcecode.cpp.cpp; path = WaveFile.cpp; sourceTree = "<group>"; };
		FAA2875C1ED49EC900F8CE55 /* WaveFile.h */ = {isa = PBXFileReference; lastKnownFileType = sourcecode.c.h; path = WaveFile.h; sourceTree = "<group>"; };
		FAA2876F1ED49EE500F8CE55 /* OpenAL.framework */ = {isa = PBXFileReference; lastKnownFileType = wrapper.framework; name = OpenAL.framework; path = System/Library/Frameworks/OpenAL.framework; sourceTree = SDKROOT; };
		FAA287BD1ED4A1BF00F8CE55 /* soundtouch.xcodeproj */ = {isa = PBXFileReference; lastKnownFileType = "wrapper.pb-project"; name = soundtouch.xcodeproj; path = ../../../Externals/soundtouch/soundtouch.xcodeproj; sourceTree = "<group>"; };
/* End PBXFileReference section */

/* Begin PBXFrameworksBuildPhase section */
		FAA286E41ED49AEE00F8CE55 /* Frameworks */ = {
			isa = PBXFrameworksBuildPhase;
			buildActionMask = 2147483647;
			files = (
				FAA287C51ED4A1CA00F8CE55 /* libsoundtouch.a in Frameworks */,
				FAA287701ED49EE500F8CE55 /* OpenAL.framework in Frameworks */,
			);
			runOnlyForDeploymentPostprocessing = 0;
		};
/* End PBXFrameworksBuildPhase section */

/* Begin PBXGroup section */
		FAA286DE1ED49AEE00F8CE55 = {
			isa = PBXGroup;
			children = (
				FAA2874C1ED49EC900F8CE55 /* aldlist.cpp */,
				FAA2874D1ED49EC900F8CE55 /* aldlist.h */,
				FAA2874E1ED49EC900F8CE55 /* AudioCommon.cpp */,
				FAA2874F1ED49EC900F8CE55 /* AudioCommon.h */,
				FAA287501ED49EC900F8CE55 /* CoreAudioSoundStream.cpp */,
				FAA287511ED49EC900F8CE55 /* CoreAudioSoundStream.h */,
				FAA287521ED49EC900F8CE55 /* DPL2Decoder.cpp */,
				FAA287531ED49EC900F8CE55 /* DPL2Decoder.h */,
				FAA287541ED49EC900F8CE55 /* Mixer.cpp */,
				FAA287551ED49EC900F8CE55 /* Mixer.h */,
				FAA287561ED49EC900F8CE55 /* NullSoundStream.cpp */,
				FAA287571ED49EC900F8CE55 /* NullSoundStream.h */,
				FAA287581ED49EC900F8CE55 /* OpenALStream.cpp */,
				FAA287591ED49EC900F8CE55 /* OpenALStream.h */,
				FAA2875A1ED49EC900F8CE55 /* SoundStream.h */,
				FAA2875B1ED49EC900F8CE55 /* WaveFile.cpp */,
				FAA2875C1ED49EC900F8CE55 /* WaveFile.h */,
				FAA286E81ED49AEE00F8CE55 /* Products */,
				FAA2876E1ED49EE500F8CE55 /* Frameworks */,
			);
			sourceTree = "<group>";
		};
		FAA286E81ED49AEE00F8CE55 /* Products */ = {
			isa = PBXGroup;
			children = (
				FAA286E71ED49AEE00F8CE55 /* libaudiocommon.a */,
			);
			name = Products;
			sourceTree = "<group>";
		};
		FAA2876E1ED49EE500F8CE55 /* Frameworks */ = {
			isa = PBXGroup;
			children = (
				FAA287BD1ED4A1BF00F8CE55 /* soundtouch.xcodeproj */,
				FAA2876F1ED49EE500F8CE55 /* OpenAL.framework */,
			);
			name = Frameworks;
			sourceTree = "<group>";
		};
		FAA287BE1ED4A1BF00F8CE55 /* Products */ = {
			isa = PBXGroup;
			children = (
				FAA287C21ED4A1BF00F8CE55 /* libsoundtouch.a */,
			);
			name = Products;
			sourceTree = "<group>";
		};
/* End PBXGroup section */

/* Begin PBXHeadersBuildPhase section */
		FAA286E51ED49AEE00F8CE55 /* Headers */ = {
			isa = PBXHeadersBuildPhase;
			buildActionMask = 2147483647;
			files = (
			);
			runOnlyForDeploymentPostprocessing = 0;
		};
/* End PBXHeadersBuildPhase section */

/* Begin PBXNativeTarget section */
		FAA286E61ED49AEE00F8CE55 /* audiocommon */ = {
			isa = PBXNativeTarget;
			buildConfigurationList = FAA286EB1ED49AEE00F8CE55 /* Build configuration list for PBXNativeTarget "audiocommon" */;
			buildPhases = (
				FAA286E31ED49AEE00F8CE55 /* Sources */,
				FAA286E41ED49AEE00F8CE55 /* Frameworks */,
				FAA286E51ED49AEE00F8CE55 /* Headers */,
			);
			buildRules = (
			);
			dependencies = (
			);
			name = audiocommon;
			productName = audiocommon;
			productReference = FAA286E71ED49AEE00F8CE55 /* libaudiocommon.a */;
			productType = "com.apple.product-type.library.static";
		};
/* End PBXNativeTarget section */

/* Begin PBXProject section */
		FAA286DF1ED49AEE00F8CE55 /* Project object */ = {
			isa = PBXProject;
			attributes = {
				LastUpgradeCheck = 0830;
				ORGANIZATIONNAME = "Vincent Imbimbo";
				TargetAttributes = {
					FAA286E61ED49AEE00F8CE55 = {
						CreatedOnToolsVersion = 8.3.2;
						ProvisioningStyle = Automatic;
					};
				};
			};
			buildConfigurationList = FAA286E21ED49AEE00F8CE55 /* Build configuration list for PBXProject "audiocommon" */;
			compatibilityVersion = "Xcode 3.2";
			developmentRegion = English;
			hasScannedForEncodings = 0;
			knownRegions = (
				en,
			);
			mainGroup = FAA286DE1ED49AEE00F8CE55;
			productRefGroup = FAA286E81ED49AEE00F8CE55 /* Products */;
			projectDirPath = "";
			projectReferences = (
				{
					ProductGroup = FAA287BE1ED4A1BF00F8CE55 /* Products */;
					ProjectRef = FAA287BD1ED4A1BF00F8CE55 /* soundtouch.xcodeproj */;
				},
			);
			projectRoot = "";
			targets = (
				FAA286E61ED49AEE00F8CE55 /* audiocommon */,
			);
		};
/* End PBXProject section */

/* Begin PBXReferenceProxy section */
		FAA287C21ED4A1BF00F8CE55 /* libsoundtouch.a */ = {
			isa = PBXReferenceProxy;
			fileType = archive.ar;
			path = libsoundtouch.a;
			remoteRef = FAA287C11ED4A1BF00F8CE55 /* PBXContainerItemProxy */;
			sourceTree = BUILT_PRODUCTS_DIR;
		};
/* End PBXReferenceProxy section */

/* Begin PBXSourcesBuildPhase section */
		FAA286E31ED49AEE00F8CE55 /* Sources */ = {
			isa = PBXSourcesBuildPhase;
			buildActionMask = 2147483647;
			files = (
				FAA2875D1ED49EC900F8CE55 /* aldlist.cpp in Sources */,
				FAA2875F1ED49EC900F8CE55 /* AudioCommon.cpp in Sources */,
				FAA287611ED49EC900F8CE55 /* CoreAudioSoundStream.cpp in Sources */,
				FAA287631ED49EC900F8CE55 /* DPL2Decoder.cpp in Sources */,
				FAA287651ED49EC900F8CE55 /* Mixer.cpp in Sources */,
				FAA287671ED49EC900F8CE55 /* NullSoundStream.cpp in Sources */,
				FAA287691ED49EC900F8CE55 /* OpenALStream.cpp in Sources */,
				FAA2876C1ED49EC900F8CE55 /* WaveFile.cpp in Sources */,
			);
			runOnlyForDeploymentPostprocessing = 0;
		};
/* End PBXSourcesBuildPhase section */

/* Begin XCBuildConfiguration section */
		FAA286E91ED49AEE00F8CE55 /* Debug */ = {
			isa = XCBuildConfiguration;
			buildSettings = {
				ALWAYS_SEARCH_USER_PATHS = NO;
				CLANG_ANALYZER_NONNULL = YES;
				CLANG_ANALYZER_NUMBER_OBJECT_CONVERSION = YES_AGGRESSIVE;
				CLANG_CXX_LANGUAGE_STANDARD = "c++14";
				CLANG_CXX_LIBRARY = "libc++";
				CLANG_ENABLE_MODULES = YES;
				CLANG_ENABLE_OBJC_ARC = YES;
				CLANG_WARN_BOOL_CONVERSION = YES;
				CLANG_WARN_CONSTANT_CONVERSION = YES;
				CLANG_WARN_DIRECT_OBJC_ISA_USAGE = YES_ERROR;
				CLANG_WARN_DOCUMENTATION_COMMENTS = YES;
				CLANG_WARN_EMPTY_BODY = YES;
				CLANG_WARN_ENUM_CONVERSION = YES;
				CLANG_WARN_INFINITE_RECURSION = YES;
				CLANG_WARN_INT_CONVERSION = YES;
				CLANG_WARN_OBJC_ROOT_CLASS = YES_ERROR;
				CLANG_WARN_SUSPICIOUS_MOVE = YES;
				CLANG_WARN_UNREACHABLE_CODE = YES;
				CLANG_WARN__DUPLICATE_METHOD_MATCH = YES;
				CODE_SIGN_IDENTITY = "-";
				COPY_PHASE_STRIP = NO;
				DEBUG_INFORMATION_FORMAT = dwarf;
				ENABLE_STRICT_OBJC_MSGSEND = YES;
				ENABLE_TESTABILITY = YES;
				FRAMEWORK_SEARCH_PATHS = "$(SRCROOT)/../../../Externals";
				GCC_C_LANGUAGE_STANDARD = gnu99;
				GCC_DYNAMIC_NO_PIC = NO;
				GCC_NO_COMMON_BLOCKS = YES;
				GCC_OPTIMIZATION_LEVEL = 0;
				GCC_PREPROCESSOR_DEFINITIONS = (
					"DEBUG=1",
					"$(inherited)",
				);
				GCC_WARN_64_TO_32_BIT_CONVERSION = YES;
				GCC_WARN_ABOUT_RETURN_TYPE = YES_ERROR;
				GCC_WARN_UNDECLARED_SELECTOR = YES;
				GCC_WARN_UNINITIALIZED_AUTOS = YES_AGGRESSIVE;
				GCC_WARN_UNUSED_FUNCTION = YES;
				GCC_WARN_UNUSED_VARIABLE = YES;
				HEADER_SEARCH_PATHS = (
					"$(SRCROOT)/..",
					"$(SRCROOT)/../../../Externals",
				);
				LIBRARY_SEARCH_PATHS = "";
				MACOSX_DEPLOYMENT_TARGET = 10.12;
				MTL_ENABLE_DEBUG_INFO = YES;
				ONLY_ACTIVE_ARCH = YES;
				SDKROOT = macosx;
			};
			name = Debug;
		};
		FAA286EA1ED49AEE00F8CE55 /* Release */ = {
			isa = XCBuildConfiguration;
			buildSettings = {
				ALWAYS_SEARCH_USER_PATHS = NO;
				CLANG_ANALYZER_NONNULL = YES;
				CLANG_ANALYZER_NUMBER_OBJECT_CONVERSION = YES_AGGRESSIVE;
				CLANG_CXX_LANGUAGE_STANDARD = "c++14";
				CLANG_CXX_LIBRARY = "libc++";
				CLANG_ENABLE_MODULES = YES;
				CLANG_ENABLE_OBJC_ARC = YES;
				CLANG_WARN_BOOL_CONVERSION = YES;
				CLANG_WARN_CONSTANT_CONVERSION = YES;
				CLANG_WARN_DIRECT_OBJC_ISA_USAGE = YES_ERROR;
				CLANG_WARN_DOCUMENTATION_COMMENTS = YES;
				CLANG_WARN_EMPTY_BODY = YES;
				CLANG_WARN_ENUM_CONVERSION = YES;
				CLANG_WARN_INFINITE_RECURSION = YES;
				CLANG_WARN_INT_CONVERSION = YES;
				CLANG_WARN_OBJC_ROOT_CLASS = YES_ERROR;
				CLANG_WARN_SUSPICIOUS_MOVE = YES;
				CLANG_WARN_UNREACHABLE_CODE = YES;
				CLANG_WARN__DUPLICATE_METHOD_MATCH = YES;
				CODE_SIGN_IDENTITY = "-";
				COPY_PHASE_STRIP = NO;
				DEBUG_INFORMATION_FORMAT = "dwarf-with-dsym";
				ENABLE_NS_ASSERTIONS = NO;
				ENABLE_STRICT_OBJC_MSGSEND = YES;
				FRAMEWORK_SEARCH_PATHS = "$(SRCROOT)/../../../Externals";
				GCC_C_LANGUAGE_STANDARD = gnu99;
				GCC_NO_COMMON_BLOCKS = YES;
				GCC_WARN_64_TO_32_BIT_CONVERSION = YES;
				GCC_WARN_ABOUT_RETURN_TYPE = YES_ERROR;
				GCC_WARN_UNDECLARED_SELECTOR = YES;
				GCC_WARN_UNINITIALIZED_AUTOS = YES_AGGRESSIVE;
				GCC_WARN_UNUSED_FUNCTION = YES;
				GCC_WARN_UNUSED_VARIABLE = YES;
				HEADER_SEARCH_PATHS = (
					"$(SRCROOT)/..",
					"$(SRCROOT)/../../../Externals",
				);
				LIBRARY_SEARCH_PATHS = "";
				MACOSX_DEPLOYMENT_TARGET = 10.12;
				MTL_ENABLE_DEBUG_INFO = NO;
				SDKROOT = macosx;
			};
			name = Release;
		};
		FAA286EC1ED49AEE00F8CE55 /* Debug */ = {
			isa = XCBuildConfiguration;
			buildSettings = {
				EXECUTABLE_PREFIX = lib;
				PRODUCT_NAME = "$(TARGET_NAME)";
			};
			name = Debug;
		};
		FAA286ED1ED49AEE00F8CE55 /* Release */ = {
			isa = XCBuildConfiguration;
			buildSettings = {
				EXECUTABLE_PREFIX = lib;
				PRODUCT_NAME = "$(TARGET_NAME)";
			};
			name = Release;
		};
/* End XCBuildConfiguration section */

/* Begin XCConfigurationList section */
		FAA286E21ED49AEE00F8CE55 /* Build configuration list for PBXProject "audiocommon" */ = {
			isa = XCConfigurationList;
			buildConfigurations = (
				FAA286E91ED49AEE00F8CE55 /* Debug */,
				FAA286EA1ED49AEE00F8CE55 /* Release */,
			);
			defaultConfigurationIsVisible = 0;
			defaultConfigurationName = Release;
		};
		FAA286EB1ED49AEE00F8CE55 /* Build configuration list for PBXNativeTarget "audiocommon" */ = {
			isa = XCConfigurationList;
			buildConfigurations = (
				FAA286EC1ED49AEE00F8CE55 /* Debug */,
				FAA286ED1ED49AEE00F8CE55 /* Release */,
			);
			defaultConfigurationIsVisible = 0;
			defaultConfigurationName = Release;
		};
/* End XCConfigurationList section */
	};
	rootObject = FAA286DF1ED49AEE00F8CE55 /* Project object */;
}
